// !$*UTF8*$!
{
	archiveVersion = 1;
	classes = {
	};
	objectVersion = 60;
	objects = {

/* Begin PBXBuildFile section */
		0759B4302ADD4CBA00F85613 /* CodeToShowXrApp.swift in Sources */ = {isa = PBXBuildFile; fileRef = 0759B42F2ADD4CBA00F85613 /* CodeToShowXrApp.swift */; };
		0759B4372ADD4CBB00F85613 /* Preview Assets.xcassets in Resources */ = {isa = PBXBuildFile; fileRef = 0759B4362ADD4CBB00F85613 /* Preview Assets.xcassets */; };
		0759B43C2ADD4F2C00F85613 /* LaunchesListView.swift in Sources */ = {isa = PBXBuildFile; fileRef = 07B2A8D12A1CC8F100B16A4F /* LaunchesListView.swift */; };
		0759B43D2ADD4F3100F85613 /* LaunchesListViewModel.swift in Sources */ = {isa = PBXBuildFile; fileRef = 07B2A8D32A1CC9AC00B16A4F /* LaunchesListViewModel.swift */; };
		0759B43E2ADD4F3800F85613 /* LaunchDetailView.swift in Sources */ = {isa = PBXBuildFile; fileRef = 07803AE22A1F66A200028F45 /* LaunchDetailView.swift */; };
		0759B43F2ADD500D00F85613 /* Core.swift in Sources */ = {isa = PBXBuildFile; fileRef = 07C92A0A2A2101C100FE55EC /* Core.swift */; };
		0759B4402ADD500D00F85613 /* Failure.swift in Sources */ = {isa = PBXBuildFile; fileRef = 07C92A0E2A21023B00FE55EC /* Failure.swift */; };
		0759B4412ADD500D00F85613 /* Engine.swift in Sources */ = {isa = PBXBuildFile; fileRef = 07C92A202A21047D00FE55EC /* Engine.swift */; };
		0759B4422ADD500D00F85613 /* FirstStage.swift in Sources */ = {isa = PBXBuildFile; fileRef = 07C92A2A2A21058200FE55EC /* FirstStage.swift */; };
		0759B4432ADD500D00F85613 /* Isp.swift in Sources */ = {isa = PBXBuildFile; fileRef = 07C92A1E2A21044800FE55EC /* Isp.swift */; };
		0759B4442ADD500D00F85613 /* Link.swift in Sources */ = {isa = PBXBuildFile; fileRef = 07C92A162A21031200FE55EC /* Link.swift */; };
		0759B4452ADD500D00F85613 /* CompositeFairing.swift in Sources */ = {isa = PBXBuildFile; fileRef = 07C92A222A2104C500FE55EC /* CompositeFairing.swift */; };
		0759B4462ADD500D00F85613 /* Reddit.swift in Sources */ = {isa = PBXBuildFile; fileRef = 07C92A122A2102A200FE55EC /* Reddit.swift */; };
		0759B4472ADD500D00F85613 /* Fairing.swift in Sources */ = {isa = PBXBuildFile; fileRef = 07C92A182A21034900FE55EC /* Fairing.swift */; };
		0759B4482ADD500D00F85613 /* Thrust.swift in Sources */ = {isa = PBXBuildFile; fileRef = 07C92A262A21051700FE55EC /* Thrust.swift */; };
		0759B4492ADD500D00F85613 /* Flickr.swift in Sources */ = {isa = PBXBuildFile; fileRef = 07C92A102A21026100FE55EC /* Flickr.swift */; };
		0759B44A2ADD500D00F85613 /* Height.swift in Sources */ = {isa = PBXBuildFile; fileRef = 07C92A302A21060A00FE55EC /* Height.swift */; };
		0759B44B2ADD500D00F85613 /* Mass.swift in Sources */ = {isa = PBXBuildFile; fileRef = 07C92A2C2A2105A900FE55EC /* Mass.swift */; };
		0759B44C2ADD500D00F85613 /* LandingLeg.swift in Sources */ = {isa = PBXBuildFile; fileRef = 07C92A1C2A21041F00FE55EC /* LandingLeg.swift */; };
		0759B44D2ADD500D00F85613 /* PayloadWeight.swift in Sources */ = {isa = PBXBuildFile; fileRef = 07C92A1A2A2103F700FE55EC /* PayloadWeight.swift */; };
		0759B44E2ADD500D00F85613 /* SecondStage.swift in Sources */ = {isa = PBXBuildFile; fileRef = 07C92A282A21054E00FE55EC /* SecondStage.swift */; };
		0759B44F2ADD500D00F85613 /* Patch.swift in Sources */ = {isa = PBXBuildFile; fileRef = 07C92A142A2102DC00FE55EC /* Patch.swift */; };
		0759B4502ADD500D00F85613 /* Crew.swift in Sources */ = {isa = PBXBuildFile; fileRef = 07C92A0C2A21020600FE55EC /* Crew.swift */; };
		0759B4512ADD500D00F85613 /* Payload.swift in Sources */ = {isa = PBXBuildFile; fileRef = 07C92A242A2104ED00FE55EC /* Payload.swift */; };
		0759B4522ADD502100F85613 /* StarlinkModel.swift in Sources */ = {isa = PBXBuildFile; fileRef = 07C92A072A20F5A200FE55EC /* StarlinkModel.swift */; };
		0759B4532ADD502100F85613 /* ErrorModel.swift in Sources */ = {isa = PBXBuildFile; fileRef = 07B2A8E22A1CD6A000B16A4F /* ErrorModel.swift */; };
		0759B4542ADD502100F85613 /* CrewModel.swift in Sources */ = {isa = PBXBuildFile; fileRef = 07803AF42A1F70C600028F45 /* CrewModel.swift */; };
		0759B4552ADD502100F85613 /* RocketModel.swift in Sources */ = {isa = PBXBuildFile; fileRef = 07803AF32A1F70C600028F45 /* RocketModel.swift */; };
		0759B4562ADD508600F85613 /* RocketView.swift in Sources */ = {isa = PBXBuildFile; fileRef = 07803AEC2A1F6E6200028F45 /* RocketView.swift */; };
		0759B4572ADD508600F85613 /* ErrorView.swift in Sources */ = {isa = PBXBuildFile; fileRef = 07803AE02A1F5BE100028F45 /* ErrorView.swift */; };
		0759B4582ADD508600F85613 /* RocketViewModel.swift in Sources */ = {isa = PBXBuildFile; fileRef = 07803AED2A1F6E6200028F45 /* RocketViewModel.swift */; };
		0759B4592ADD508600F85613 /* CrewView.swift in Sources */ = {isa = PBXBuildFile; fileRef = 07803AEB2A1F6E6200028F45 /* CrewView.swift */; };
		0759B45A2ADD508600F85613 /* CrewDetailView.swift in Sources */ = {isa = PBXBuildFile; fileRef = 07803AE92A1F6E6200028F45 /* CrewDetailView.swift */; };
		0759B45B2ADD508600F85613 /* LaunchRowView.swift in Sources */ = {isa = PBXBuildFile; fileRef = 07B2A8EA2A1CF24800B16A4F /* LaunchRowView.swift */; };
		0759B45C2ADD508600F85613 /* CrewDetailViewModel.swift in Sources */ = {isa = PBXBuildFile; fileRef = 07803AEA2A1F6E6200028F45 /* CrewDetailViewModel.swift */; };
		0759B45D2ADD508B00F85613 /* SortingEnum.swift in Sources */ = {isa = PBXBuildFile; fileRef = 07B2A8E82A1CF06300B16A4F /* SortingEnum.swift */; };
		0759B45E2ADD50E200F85613 /* ComponentPathsEnum.swift in Sources */ = {isa = PBXBuildFile; fileRef = 07B2A8DE2A1CD47400B16A4F /* ComponentPathsEnum.swift */; };
		0759B45F2ADD50E500F85613 /* ModelLoader.swift in Sources */ = {isa = PBXBuildFile; fileRef = 07B2A8DC2A1CD1D200B16A4F /* ModelLoader.swift */; };
		0759B4602ADD50EA00F85613 /* Networking.swift in Sources */ = {isa = PBXBuildFile; fileRef = 07B2A8E02A1CD5FD00B16A4F /* Networking.swift */; };
		0759B4612ADD50F400F85613 /* StringExtension.swift in Sources */ = {isa = PBXBuildFile; fileRef = 07D2D4792A45A02C00E4BB1F /* StringExtension.swift */; };
		0759B4622ADD50F400F85613 /* URLExtension.swift in Sources */ = {isa = PBXBuildFile; fileRef = 078CA2952A2A05FC009DB6AD /* URLExtension.swift */; };
		0759B4632ADD50F400F85613 /* BoolExtension.swift in Sources */ = {isa = PBXBuildFile; fileRef = 07803AF72A1F844700028F45 /* BoolExtension.swift */; };
		0759B4642ADD50F400F85613 /* JSONDecoderExtension.swift in Sources */ = {isa = PBXBuildFile; fileRef = 07B2A8D82A1CCAF400B16A4F /* JSONDecoderExtension.swift */; };
		0759B4652ADD50F400F85613 /* URLRequestExtension.swift in Sources */ = {isa = PBXBuildFile; fileRef = 07B2A8E42A1CDD6900B16A4F /* URLRequestExtension.swift */; };
		0759B4662ADD510500F85613 /* Localizable.xcstrings in Resources */ = {isa = PBXBuildFile; fileRef = 07D2D4772A459C2E00E4BB1F /* Localizable.xcstrings */; };
		0759B4692ADD5A1100F85613 /* Assets.xcassets in Resources */ = {isa = PBXBuildFile; fileRef = 0759B4682ADD5A1100F85613 /* Assets.xcassets */; };
		07803AE12A1F5BE100028F45 /* ErrorView.swift in Sources */ = {isa = PBXBuildFile; fileRef = 07803AE02A1F5BE100028F45 /* ErrorView.swift */; };
		07803AE32A1F66A200028F45 /* LaunchDetailView.swift in Sources */ = {isa = PBXBuildFile; fileRef = 07803AE22A1F66A200028F45 /* LaunchDetailView.swift */; };
		07803AE82A1F680900028F45 /* DeviceRotationViewModifier.swift in Sources */ = {isa = PBXBuildFile; fileRef = 07803AE72A1F680900028F45 /* DeviceRotationViewModifier.swift */; };
		07803AEE2A1F6E6200028F45 /* CrewDetailView.swift in Sources */ = {isa = PBXBuildFile; fileRef = 07803AE92A1F6E6200028F45 /* CrewDetailView.swift */; };
		07803AEF2A1F6E6200028F45 /* CrewDetailViewModel.swift in Sources */ = {isa = PBXBuildFile; fileRef = 07803AEA2A1F6E6200028F45 /* CrewDetailViewModel.swift */; };
		07803AF02A1F6E6200028F45 /* CrewView.swift in Sources */ = {isa = PBXBuildFile; fileRef = 07803AEB2A1F6E6200028F45 /* CrewView.swift */; };
		07803AF12A1F6E6200028F45 /* RocketView.swift in Sources */ = {isa = PBXBuildFile; fileRef = 07803AEC2A1F6E6200028F45 /* RocketView.swift */; };
		07803AF22A1F6E6200028F45 /* RocketViewModel.swift in Sources */ = {isa = PBXBuildFile; fileRef = 07803AED2A1F6E6200028F45 /* RocketViewModel.swift */; };
		07803AF52A1F70C600028F45 /* RocketModel.swift in Sources */ = {isa = PBXBuildFile; fileRef = 07803AF32A1F70C600028F45 /* RocketModel.swift */; };
		07803AF62A1F70C600028F45 /* CrewModel.swift in Sources */ = {isa = PBXBuildFile; fileRef = 07803AF42A1F70C600028F45 /* CrewModel.swift */; };
		07803AF82A1F844700028F45 /* BoolExtension.swift in Sources */ = {isa = PBXBuildFile; fileRef = 07803AF72A1F844700028F45 /* BoolExtension.swift */; };
		0783F5AA2A20A94C001634C7 /* ComponentPathsEnumTests.swift in Sources */ = {isa = PBXBuildFile; fileRef = 0783F5A92A20A94C001634C7 /* ComponentPathsEnumTests.swift */; };
		0783F5AE2A20ABCE001634C7 /* SortingEnumsTests.swift in Sources */ = {isa = PBXBuildFile; fileRef = 0783F5AD2A20ABCE001634C7 /* SortingEnumsTests.swift */; };
		0783F5B82A20B04D001634C7 /* CodeToShowUITestsLaunchTests.swift in Sources */ = {isa = PBXBuildFile; fileRef = 0783F5B72A20B04D001634C7 /* CodeToShowUITestsLaunchTests.swift */; };
		0783F5BF2A20BF35001634C7 /* LaunchesListViewUITests.swift in Sources */ = {isa = PBXBuildFile; fileRef = 0783F5BE2A20BF35001634C7 /* LaunchesListViewUITests.swift */; };
		0783F5C12A20C618001634C7 /* LaunchDetailViewUITests.swift in Sources */ = {isa = PBXBuildFile; fileRef = 0783F5C02A20C618001634C7 /* LaunchDetailViewUITests.swift */; };
		078CA2962A2A05FC009DB6AD /* URLExtension.swift in Sources */ = {isa = PBXBuildFile; fileRef = 078CA2952A2A05FC009DB6AD /* URLExtension.swift */; };
		078CA2982A2A0F1E009DB6AD /* URLExtensionTests.swift in Sources */ = {isa = PBXBuildFile; fileRef = 078CA2972A2A0F1E009DB6AD /* URLExtensionTests.swift */; };
		07AF72A82A1F9E4C0061A976 /* BoolExtensionTests.swift in Sources */ = {isa = PBXBuildFile; fileRef = 07AF72A72A1F9E4C0061A976 /* BoolExtensionTests.swift */; };
		07AF72AA2A1FA3440061A976 /* URLRequestExtensionTests.swift in Sources */ = {isa = PBXBuildFile; fileRef = 07AF72A92A1FA3440061A976 /* URLRequestExtensionTests.swift */; };
		07AF72AC2A1FA8AB0061A976 /* JSONDecoderExtensionTests.swift in Sources */ = {isa = PBXBuildFile; fileRef = 07AF72AB2A1FA8AB0061A976 /* JSONDecoderExtensionTests.swift */; };
		07B2A8BE2A1CC15000B16A4F /* CodeToShowApp.swift in Sources */ = {isa = PBXBuildFile; fileRef = 07B2A8BD2A1CC15000B16A4F /* CodeToShowApp.swift */; };
		07B2A8C22A1CC15100B16A4F /* Assets.xcassets in Resources */ = {isa = PBXBuildFile; fileRef = 07B2A8C12A1CC15100B16A4F /* Assets.xcassets */; };
		07B2A8C52A1CC15100B16A4F /* Preview Assets.xcassets in Resources */ = {isa = PBXBuildFile; fileRef = 07B2A8C42A1CC15100B16A4F /* Preview Assets.xcassets */; };
		07B2A8D22A1CC8F100B16A4F /* LaunchesListView.swift in Sources */ = {isa = PBXBuildFile; fileRef = 07B2A8D12A1CC8F100B16A4F /* LaunchesListView.swift */; };
		07B2A8D42A1CC9AC00B16A4F /* LaunchesListViewModel.swift in Sources */ = {isa = PBXBuildFile; fileRef = 07B2A8D32A1CC9AC00B16A4F /* LaunchesListViewModel.swift */; };
		07B2A8D92A1CCAF400B16A4F /* JSONDecoderExtension.swift in Sources */ = {isa = PBXBuildFile; fileRef = 07B2A8D82A1CCAF400B16A4F /* JSONDecoderExtension.swift */; };
		07B2A8DD2A1CD1D200B16A4F /* ModelLoader.swift in Sources */ = {isa = PBXBuildFile; fileRef = 07B2A8DC2A1CD1D200B16A4F /* ModelLoader.swift */; };
		07B2A8DF2A1CD47400B16A4F /* ComponentPathsEnum.swift in Sources */ = {isa = PBXBuildFile; fileRef = 07B2A8DE2A1CD47400B16A4F /* ComponentPathsEnum.swift */; };
		07B2A8E12A1CD5FD00B16A4F /* Networking.swift in Sources */ = {isa = PBXBuildFile; fileRef = 07B2A8E02A1CD5FD00B16A4F /* Networking.swift */; };
		07B2A8E32A1CD6A000B16A4F /* ErrorModel.swift in Sources */ = {isa = PBXBuildFile; fileRef = 07B2A8E22A1CD6A000B16A4F /* ErrorModel.swift */; };
		07B2A8E52A1CDD6900B16A4F /* URLRequestExtension.swift in Sources */ = {isa = PBXBuildFile; fileRef = 07B2A8E42A1CDD6900B16A4F /* URLRequestExtension.swift */; };
		07B2A8E92A1CF06300B16A4F /* SortingEnum.swift in Sources */ = {isa = PBXBuildFile; fileRef = 07B2A8E82A1CF06300B16A4F /* SortingEnum.swift */; };
		07B2A8EB2A1CF24800B16A4F /* LaunchRowView.swift in Sources */ = {isa = PBXBuildFile; fileRef = 07B2A8EA2A1CF24800B16A4F /* LaunchRowView.swift */; };
		07C92A082A20F5A200FE55EC /* StarlinkModel.swift in Sources */ = {isa = PBXBuildFile; fileRef = 07C92A072A20F5A200FE55EC /* StarlinkModel.swift */; };
		07C92A0B2A2101C100FE55EC /* Core.swift in Sources */ = {isa = PBXBuildFile; fileRef = 07C92A0A2A2101C100FE55EC /* Core.swift */; };
		07C92A0D2A21020600FE55EC /* Crew.swift in Sources */ = {isa = PBXBuildFile; fileRef = 07C92A0C2A21020600FE55EC /* Crew.swift */; };
		07C92A0F2A21023B00FE55EC /* Failure.swift in Sources */ = {isa = PBXBuildFile; fileRef = 07C92A0E2A21023B00FE55EC /* Failure.swift */; };
		07C92A112A21026100FE55EC /* Flickr.swift in Sources */ = {isa = PBXBuildFile; fileRef = 07C92A102A21026100FE55EC /* Flickr.swift */; };
		07C92A132A2102A200FE55EC /* Reddit.swift in Sources */ = {isa = PBXBuildFile; fileRef = 07C92A122A2102A200FE55EC /* Reddit.swift */; };
		07C92A152A2102DC00FE55EC /* Patch.swift in Sources */ = {isa = PBXBuildFile; fileRef = 07C92A142A2102DC00FE55EC /* Patch.swift */; };
		07C92A172A21031200FE55EC /* Link.swift in Sources */ = {isa = PBXBuildFile; fileRef = 07C92A162A21031200FE55EC /* Link.swift */; };
		07C92A192A21034900FE55EC /* Fairing.swift in Sources */ = {isa = PBXBuildFile; fileRef = 07C92A182A21034900FE55EC /* Fairing.swift */; };
		07C92A1B2A2103F700FE55EC /* PayloadWeight.swift in Sources */ = {isa = PBXBuildFile; fileRef = 07C92A1A2A2103F700FE55EC /* PayloadWeight.swift */; };
		07C92A1D2A21041F00FE55EC /* LandingLeg.swift in Sources */ = {isa = PBXBuildFile; fileRef = 07C92A1C2A21041F00FE55EC /* LandingLeg.swift */; };
		07C92A1F2A21044800FE55EC /* Isp.swift in Sources */ = {isa = PBXBuildFile; fileRef = 07C92A1E2A21044800FE55EC /* Isp.swift */; };
		07C92A212A21047D00FE55EC /* Engine.swift in Sources */ = {isa = PBXBuildFile; fileRef = 07C92A202A21047D00FE55EC /* Engine.swift */; };
		07C92A232A2104C500FE55EC /* CompositeFairing.swift in Sources */ = {isa = PBXBuildFile; fileRef = 07C92A222A2104C500FE55EC /* CompositeFairing.swift */; };
		07C92A252A2104ED00FE55EC /* Payload.swift in Sources */ = {isa = PBXBuildFile; fileRef = 07C92A242A2104ED00FE55EC /* Payload.swift */; };
		07C92A272A21051700FE55EC /* Thrust.swift in Sources */ = {isa = PBXBuildFile; fileRef = 07C92A262A21051700FE55EC /* Thrust.swift */; };
		07C92A292A21054E00FE55EC /* SecondStage.swift in Sources */ = {isa = PBXBuildFile; fileRef = 07C92A282A21054E00FE55EC /* SecondStage.swift */; };
		07C92A2B2A21058200FE55EC /* FirstStage.swift in Sources */ = {isa = PBXBuildFile; fileRef = 07C92A2A2A21058200FE55EC /* FirstStage.swift */; };
		07C92A2D2A2105A900FE55EC /* Mass.swift in Sources */ = {isa = PBXBuildFile; fileRef = 07C92A2C2A2105A900FE55EC /* Mass.swift */; };
		07C92A312A21060A00FE55EC /* Height.swift in Sources */ = {isa = PBXBuildFile; fileRef = 07C92A302A21060A00FE55EC /* Height.swift */; };
		07CACA4A2AE67C9D002B7887 /* CodeToShowPadApp.swift in Sources */ = {isa = PBXBuildFile; fileRef = 07CACA492AE67C9D002B7887 /* CodeToShowPadApp.swift */; };
		07CACA4E2AE67C9E002B7887 /* Assets.xcassets in Resources */ = {isa = PBXBuildFile; fileRef = 07CACA4D2AE67C9E002B7887 /* Assets.xcassets */; };
		07CACA512AE67C9E002B7887 /* Preview Assets.xcassets in Resources */ = {isa = PBXBuildFile; fileRef = 07CACA502AE67C9E002B7887 /* Preview Assets.xcassets */; };
		07CACA552AE67D6E002B7887 /* LaunchesListView.swift in Sources */ = {isa = PBXBuildFile; fileRef = 07B2A8D12A1CC8F100B16A4F /* LaunchesListView.swift */; };
		07CACA562AE67D6E002B7887 /* LaunchesListViewModel.swift in Sources */ = {isa = PBXBuildFile; fileRef = 07B2A8D32A1CC9AC00B16A4F /* LaunchesListViewModel.swift */; };
		07CACA572AE67D6E002B7887 /* LaunchDetailView.swift in Sources */ = {isa = PBXBuildFile; fileRef = 07803AE22A1F66A200028F45 /* LaunchDetailView.swift */; };
		07CACA582AE67D78002B7887 /* RocketViewModel.swift in Sources */ = {isa = PBXBuildFile; fileRef = 07803AED2A1F6E6200028F45 /* RocketViewModel.swift */; };
		07CACA592AE67D78002B7887 /* RocketView.swift in Sources */ = {isa = PBXBuildFile; fileRef = 07803AEC2A1F6E6200028F45 /* RocketView.swift */; };
		07CACA5A2AE67D78002B7887 /* CrewView.swift in Sources */ = {isa = PBXBuildFile; fileRef = 07803AEB2A1F6E6200028F45 /* CrewView.swift */; };
		07CACA5B2AE67D78002B7887 /* CrewDetailViewModel.swift in Sources */ = {isa = PBXBuildFile; fileRef = 07803AEA2A1F6E6200028F45 /* CrewDetailViewModel.swift */; };
		07CACA5C2AE67D78002B7887 /* CrewDetailView.swift in Sources */ = {isa = PBXBuildFile; fileRef = 07803AE92A1F6E6200028F45 /* CrewDetailView.swift */; };
		07CACA5D2AE67D78002B7887 /* LaunchRowView.swift in Sources */ = {isa = PBXBuildFile; fileRef = 07B2A8EA2A1CF24800B16A4F /* LaunchRowView.swift */; };
		07CACA5E2AE67D78002B7887 /* ErrorView.swift in Sources */ = {isa = PBXBuildFile; fileRef = 07803AE02A1F5BE100028F45 /* ErrorView.swift */; };
		07CACA5F2AE67D8F002B7887 /* SortingEnum.swift in Sources */ = {isa = PBXBuildFile; fileRef = 07B2A8E82A1CF06300B16A4F /* SortingEnum.swift */; };
		07CACA602AE67D95002B7887 /* DeviceRotationViewModifier.swift in Sources */ = {isa = PBXBuildFile; fileRef = 07803AE72A1F680900028F45 /* DeviceRotationViewModifier.swift */; };
		07CACA612AE67DA2002B7887 /* Crew.swift in Sources */ = {isa = PBXBuildFile; fileRef = 07C92A0C2A21020600FE55EC /* Crew.swift */; };
		07CACA622AE67DA2002B7887 /* Engine.swift in Sources */ = {isa = PBXBuildFile; fileRef = 07C92A202A21047D00FE55EC /* Engine.swift */; };
		07CACA632AE67DA2002B7887 /* Isp.swift in Sources */ = {isa = PBXBuildFile; fileRef = 07C92A1E2A21044800FE55EC /* Isp.swift */; };
		07CACA642AE67DA2002B7887 /* Core.swift in Sources */ = {isa = PBXBuildFile; fileRef = 07C92A0A2A2101C100FE55EC /* Core.swift */; };
		07CACA652AE67DA2002B7887 /* SecondStage.swift in Sources */ = {isa = PBXBuildFile; fileRef = 07C92A282A21054E00FE55EC /* SecondStage.swift */; };
		07CACA662AE67DA2002B7887 /* Failure.swift in Sources */ = {isa = PBXBuildFile; fileRef = 07C92A0E2A21023B00FE55EC /* Failure.swift */; };
		07CACA672AE67DA2002B7887 /* Fairing.swift in Sources */ = {isa = PBXBuildFile; fileRef = 07C92A182A21034900FE55EC /* Fairing.swift */; };
		07CACA682AE67DA2002B7887 /* Link.swift in Sources */ = {isa = PBXBuildFile; fileRef = 07C92A162A21031200FE55EC /* Link.swift */; };
		07CACA692AE67DA2002B7887 /* FirstStage.swift in Sources */ = {isa = PBXBuildFile; fileRef = 07C92A2A2A21058200FE55EC /* FirstStage.swift */; };
		07CACA6A2AE67DA2002B7887 /* Thrust.swift in Sources */ = {isa = PBXBuildFile; fileRef = 07C92A262A21051700FE55EC /* Thrust.swift */; };
		07CACA6B2AE67DA2002B7887 /* PayloadWeight.swift in Sources */ = {isa = PBXBuildFile; fileRef = 07C92A1A2A2103F700FE55EC /* PayloadWeight.swift */; };
		07CACA6C2AE67DA2002B7887 /* Reddit.swift in Sources */ = {isa = PBXBuildFile; fileRef = 07C92A122A2102A200FE55EC /* Reddit.swift */; };
		07CACA6D2AE67DA2002B7887 /* Mass.swift in Sources */ = {isa = PBXBuildFile; fileRef = 07C92A2C2A2105A900FE55EC /* Mass.swift */; };
		07CACA6E2AE67DA2002B7887 /* Payload.swift in Sources */ = {isa = PBXBuildFile; fileRef = 07C92A242A2104ED00FE55EC /* Payload.swift */; };
		07CACA6F2AE67DA2002B7887 /* Patch.swift in Sources */ = {isa = PBXBuildFile; fileRef = 07C92A142A2102DC00FE55EC /* Patch.swift */; };
		07CACA702AE67DA2002B7887 /* CompositeFairing.swift in Sources */ = {isa = PBXBuildFile; fileRef = 07C92A222A2104C500FE55EC /* CompositeFairing.swift */; };
		07CACA712AE67DA2002B7887 /* Flickr.swift in Sources */ = {isa = PBXBuildFile; fileRef = 07C92A102A21026100FE55EC /* Flickr.swift */; };
		07CACA722AE67DA2002B7887 /* Height.swift in Sources */ = {isa = PBXBuildFile; fileRef = 07C92A302A21060A00FE55EC /* Height.swift */; };
		07CACA732AE67DA2002B7887 /* LandingLeg.swift in Sources */ = {isa = PBXBuildFile; fileRef = 07C92A1C2A21041F00FE55EC /* LandingLeg.swift */; };
		07CACA742AE67DA9002B7887 /* StarlinkModel.swift in Sources */ = {isa = PBXBuildFile; fileRef = 07C92A072A20F5A200FE55EC /* StarlinkModel.swift */; };
		07CACA752AE67DA9002B7887 /* RocketModel.swift in Sources */ = {isa = PBXBuildFile; fileRef = 07803AF32A1F70C600028F45 /* RocketModel.swift */; };
		07CACA762AE67DA9002B7887 /* CrewModel.swift in Sources */ = {isa = PBXBuildFile; fileRef = 07803AF42A1F70C600028F45 /* CrewModel.swift */; };
		07CACA772AE67DA9002B7887 /* ErrorModel.swift in Sources */ = {isa = PBXBuildFile; fileRef = 07B2A8E22A1CD6A000B16A4F /* ErrorModel.swift */; };
		07CACA782AE67DB2002B7887 /* ComponentPathsEnum.swift in Sources */ = {isa = PBXBuildFile; fileRef = 07B2A8DE2A1CD47400B16A4F /* ComponentPathsEnum.swift */; };
		07CACA792AE67DB8002B7887 /* Networking.swift in Sources */ = {isa = PBXBuildFile; fileRef = 07B2A8E02A1CD5FD00B16A4F /* Networking.swift */; };
		07CACA7A2AE67DB8002B7887 /* ModelLoader.swift in Sources */ = {isa = PBXBuildFile; fileRef = 07B2A8DC2A1CD1D200B16A4F /* ModelLoader.swift */; };
		07CACA7B2AE67DC7002B7887 /* JSONDecoderExtension.swift in Sources */ = {isa = PBXBuildFile; fileRef = 07B2A8D82A1CCAF400B16A4F /* JSONDecoderExtension.swift */; };
		07CACA7C2AE67DC7002B7887 /* URLRequestExtension.swift in Sources */ = {isa = PBXBuildFile; fileRef = 07B2A8E42A1CDD6900B16A4F /* URLRequestExtension.swift */; };
		07CACA7D2AE67DC7002B7887 /* BoolExtension.swift in Sources */ = {isa = PBXBuildFile; fileRef = 07803AF72A1F844700028F45 /* BoolExtension.swift */; };
		07CACA7E2AE67DC7002B7887 /* URLExtension.swift in Sources */ = {isa = PBXBuildFile; fileRef = 078CA2952A2A05FC009DB6AD /* URLExtension.swift */; };
		07CACA7F2AE67DC7002B7887 /* StringExtension.swift in Sources */ = {isa = PBXBuildFile; fileRef = 07D2D4792A45A02C00E4BB1F /* StringExtension.swift */; };
		07CACA802AE67DCF002B7887 /* Localizable.xcstrings in Resources */ = {isa = PBXBuildFile; fileRef = 07D2D4772A459C2E00E4BB1F /* Localizable.xcstrings */; };
		07D2D4782A459C2E00E4BB1F /* Localizable.xcstrings in Resources */ = {isa = PBXBuildFile; fileRef = 07D2D4772A459C2E00E4BB1F /* Localizable.xcstrings */; };
		07D2D47A2A45A02C00E4BB1F /* StringExtension.swift in Sources */ = {isa = PBXBuildFile; fileRef = 07D2D4792A45A02C00E4BB1F /* StringExtension.swift */; };
/* End PBXBuildFile section */

/* Begin PBXContainerItemProxy section */
		0783F5B92A20B04D001634C7 /* PBXContainerItemProxy */ = {
			isa = PBXContainerItemProxy;
			containerPortal = 07B2A8B22A1CC15000B16A4F /* Project object */;
			proxyType = 1;
			remoteGlobalIDString = 07B2A8B92A1CC15000B16A4F;
			remoteInfo = CodeToShow;
		};
		07AF72A22A1F9DE50061A976 /* PBXContainerItemProxy */ = {
			isa = PBXContainerItemProxy;
			containerPortal = 07B2A8B22A1CC15000B16A4F /* Project object */;
			proxyType = 1;
			remoteGlobalIDString = 07B2A8B92A1CC15000B16A4F;
			remoteInfo = CodeToShow;
		};
/* End PBXContainerItemProxy section */

/* Begin PBXFileReference section */
		0759B4292ADD4CBA00F85613 /* CodeToShowXr.app */ = {isa = PBXFileReference; explicitFileType = wrapper.application; includeInIndex = 0; path = CodeToShowXr.app; sourceTree = BUILT_PRODUCTS_DIR; };
		0759B42F2ADD4CBA00F85613 /* CodeToShowXrApp.swift */ = {isa = PBXFileReference; lastKnownFileType = sourcecode.swift; path = CodeToShowXrApp.swift; sourceTree = "<group>"; };
		0759B4362ADD4CBB00F85613 /* Preview Assets.xcassets */ = {isa = PBXFileReference; lastKnownFileType = folder.assetcatalog; path = "Preview Assets.xcassets"; sourceTree = "<group>"; };
		0759B4382ADD4CBB00F85613 /* Info.plist */ = {isa = PBXFileReference; lastKnownFileType = text.plist.xml; path = Info.plist; sourceTree = "<group>"; };
		0759B4682ADD5A1100F85613 /* Assets.xcassets */ = {isa = PBXFileReference; lastKnownFileType = folder.assetcatalog; path = Assets.xcassets; sourceTree = "<group>"; };
		07803AE02A1F5BE100028F45 /* ErrorView.swift */ = {isa = PBXFileReference; lastKnownFileType = sourcecode.swift; path = ErrorView.swift; sourceTree = "<group>"; };
		07803AE22A1F66A200028F45 /* LaunchDetailView.swift */ = {isa = PBXFileReference; lastKnownFileType = sourcecode.swift; path = LaunchDetailView.swift; sourceTree = "<group>"; };
		07803AE72A1F680900028F45 /* DeviceRotationViewModifier.swift */ = {isa = PBXFileReference; lastKnownFileType = sourcecode.swift; path = DeviceRotationViewModifier.swift; sourceTree = "<group>"; };
		07803AE92A1F6E6200028F45 /* CrewDetailView.swift */ = {isa = PBXFileReference; fileEncoding = 4; lastKnownFileType = sourcecode.swift; path = CrewDetailView.swift; sourceTree = "<group>"; };
		07803AEA2A1F6E6200028F45 /* CrewDetailViewModel.swift */ = {isa = PBXFileReference; fileEncoding = 4; lastKnownFileType = sourcecode.swift; path = CrewDetailViewModel.swift; sourceTree = "<group>"; };
		07803AEB2A1F6E6200028F45 /* CrewView.swift */ = {isa = PBXFileReference; fileEncoding = 4; lastKnownFileType = sourcecode.swift; path = CrewView.swift; sourceTree = "<group>"; };
		07803AEC2A1F6E6200028F45 /* RocketView.swift */ = {isa = PBXFileReference; fileEncoding = 4; lastKnownFileType = sourcecode.swift; path = RocketView.swift; sourceTree = "<group>"; };
		07803AED2A1F6E6200028F45 /* RocketViewModel.swift */ = {isa = PBXFileReference; fileEncoding = 4; lastKnownFileType = sourcecode.swift; path = RocketViewModel.swift; sourceTree = "<group>"; };
		07803AF32A1F70C600028F45 /* RocketModel.swift */ = {isa = PBXFileReference; fileEncoding = 4; lastKnownFileType = sourcecode.swift; path = RocketModel.swift; sourceTree = "<group>"; };
		07803AF42A1F70C600028F45 /* CrewModel.swift */ = {isa = PBXFileReference; fileEncoding = 4; lastKnownFileType = sourcecode.swift; path = CrewModel.swift; sourceTree = "<group>"; };
		07803AF72A1F844700028F45 /* BoolExtension.swift */ = {isa = PBXFileReference; lastKnownFileType = sourcecode.swift; path = BoolExtension.swift; sourceTree = "<group>"; };
		0783F5A92A20A94C001634C7 /* ComponentPathsEnumTests.swift */ = {isa = PBXFileReference; lastKnownFileType = sourcecode.swift; path = ComponentPathsEnumTests.swift; sourceTree = "<group>"; };
		0783F5AD2A20ABCE001634C7 /* SortingEnumsTests.swift */ = {isa = PBXFileReference; lastKnownFileType = sourcecode.swift; path = SortingEnumsTests.swift; sourceTree = "<group>"; };
		0783F5B32A20B04D001634C7 /* CodeToShowUITests.xctest */ = {isa = PBXFileReference; explicitFileType = wrapper.cfbundle; includeInIndex = 0; path = CodeToShowUITests.xctest; sourceTree = BUILT_PRODUCTS_DIR; };
		0783F5B72A20B04D001634C7 /* CodeToShowUITestsLaunchTests.swift */ = {isa = PBXFileReference; lastKnownFileType = sourcecode.swift; path = CodeToShowUITestsLaunchTests.swift; sourceTree = "<group>"; };
		0783F5BE2A20BF35001634C7 /* LaunchesListViewUITests.swift */ = {isa = PBXFileReference; lastKnownFileType = sourcecode.swift; path = LaunchesListViewUITests.swift; sourceTree = "<group>"; };
		0783F5C02A20C618001634C7 /* LaunchDetailViewUITests.swift */ = {isa = PBXFileReference; lastKnownFileType = sourcecode.swift; path = LaunchDetailViewUITests.swift; sourceTree = "<group>"; };
		078CA2952A2A05FC009DB6AD /* URLExtension.swift */ = {isa = PBXFileReference; lastKnownFileType = sourcecode.swift; path = URLExtension.swift; sourceTree = "<group>"; };
		078CA2972A2A0F1E009DB6AD /* URLExtensionTests.swift */ = {isa = PBXFileReference; lastKnownFileType = sourcecode.swift; path = URLExtensionTests.swift; sourceTree = "<group>"; };
		07AF729E2A1F9DE50061A976 /* CodeToShowTests.xctest */ = {isa = PBXFileReference; explicitFileType = wrapper.cfbundle; includeInIndex = 0; path = CodeToShowTests.xctest; sourceTree = BUILT_PRODUCTS_DIR; };
		07AF72A72A1F9E4C0061A976 /* BoolExtensionTests.swift */ = {isa = PBXFileReference; lastKnownFileType = sourcecode.swift; path = BoolExtensionTests.swift; sourceTree = "<group>"; };
		07AF72A92A1FA3440061A976 /* URLRequestExtensionTests.swift */ = {isa = PBXFileReference; lastKnownFileType = sourcecode.swift; path = URLRequestExtensionTests.swift; sourceTree = "<group>"; };
		07AF72AB2A1FA8AB0061A976 /* JSONDecoderExtensionTests.swift */ = {isa = PBXFileReference; lastKnownFileType = sourcecode.swift; path = JSONDecoderExtensionTests.swift; sourceTree = "<group>"; };
		07B2A8BA2A1CC15000B16A4F /* CodeToShow.app */ = {isa = PBXFileReference; explicitFileType = wrapper.application; includeInIndex = 0; path = CodeToShow.app; sourceTree = BUILT_PRODUCTS_DIR; };
		07B2A8BD2A1CC15000B16A4F /* CodeToShowApp.swift */ = {isa = PBXFileReference; lastKnownFileType = sourcecode.swift; path = CodeToShowApp.swift; sourceTree = "<group>"; };
		07B2A8C12A1CC15100B16A4F /* Assets.xcassets */ = {isa = PBXFileReference; lastKnownFileType = folder.assetcatalog; path = Assets.xcassets; sourceTree = "<group>"; };
		07B2A8C42A1CC15100B16A4F /* Preview Assets.xcassets */ = {isa = PBXFileReference; lastKnownFileType = folder.assetcatalog; path = "Preview Assets.xcassets"; sourceTree = "<group>"; };
		07B2A8D12A1CC8F100B16A4F /* LaunchesListView.swift */ = {isa = PBXFileReference; lastKnownFileType = sourcecode.swift; path = LaunchesListView.swift; sourceTree = "<group>"; };
		07B2A8D32A1CC9AC00B16A4F /* LaunchesListViewModel.swift */ = {isa = PBXFileReference; lastKnownFileType = sourcecode.swift; path = LaunchesListViewModel.swift; sourceTree = "<group>"; };
		07B2A8D82A1CCAF400B16A4F /* JSONDecoderExtension.swift */ = {isa = PBXFileReference; lastKnownFileType = sourcecode.swift; path = JSONDecoderExtension.swift; sourceTree = "<group>"; };
		07B2A8DC2A1CD1D200B16A4F /* ModelLoader.swift */ = {isa = PBXFileReference; lastKnownFileType = sourcecode.swift; path = ModelLoader.swift; sourceTree = "<group>"; };
		07B2A8DE2A1CD47400B16A4F /* ComponentPathsEnum.swift */ = {isa = PBXFileReference; lastKnownFileType = sourcecode.swift; path = ComponentPathsEnum.swift; sourceTree = "<group>"; };
		07B2A8E02A1CD5FD00B16A4F /* Networking.swift */ = {isa = PBXFileReference; lastKnownFileType = sourcecode.swift; path = Networking.swift; sourceTree = "<group>"; };
		07B2A8E22A1CD6A000B16A4F /* ErrorModel.swift */ = {isa = PBXFileReference; lastKnownFileType = sourcecode.swift; path = ErrorModel.swift; sourceTree = "<group>"; };
		07B2A8E42A1CDD6900B16A4F /* URLRequestExtension.swift */ = {isa = PBXFileReference; lastKnownFileType = sourcecode.swift; path = URLRequestExtension.swift; sourceTree = "<group>"; };
		07B2A8E82A1CF06300B16A4F /* SortingEnum.swift */ = {isa = PBXFileReference; lastKnownFileType = sourcecode.swift; path = SortingEnum.swift; sourceTree = "<group>"; };
		07B2A8EA2A1CF24800B16A4F /* LaunchRowView.swift */ = {isa = PBXFileReference; lastKnownFileType = sourcecode.swift; path = LaunchRowView.swift; sourceTree = "<group>"; };
		07C92A072A20F5A200FE55EC /* StarlinkModel.swift */ = {isa = PBXFileReference; lastKnownFileType = sourcecode.swift; path = StarlinkModel.swift; sourceTree = "<group>"; };
		07C92A0A2A2101C100FE55EC /* Core.swift */ = {isa = PBXFileReference; lastKnownFileType = sourcecode.swift; path = Core.swift; sourceTree = "<group>"; };
		07C92A0C2A21020600FE55EC /* Crew.swift */ = {isa = PBXFileReference; lastKnownFileType = sourcecode.swift; path = Crew.swift; sourceTree = "<group>"; };
		07C92A0E2A21023B00FE55EC /* Failure.swift */ = {isa = PBXFileReference; lastKnownFileType = sourcecode.swift; path = Failure.swift; sourceTree = "<group>"; };
		07C92A102A21026100FE55EC /* Flickr.swift */ = {isa = PBXFileReference; lastKnownFileType = sourcecode.swift; path = Flickr.swift; sourceTree = "<group>"; };
		07C92A122A2102A200FE55EC /* Reddit.swift */ = {isa = PBXFileReference; lastKnownFileType = sourcecode.swift; path = Reddit.swift; sourceTree = "<group>"; };
		07C92A142A2102DC00FE55EC /* Patch.swift */ = {isa = PBXFileReference; lastKnownFileType = sourcecode.swift; path = Patch.swift; sourceTree = "<group>"; };
		07C92A162A21031200FE55EC /* Link.swift */ = {isa = PBXFileReference; lastKnownFileType = sourcecode.swift; path = Link.swift; sourceTree = "<group>"; };
		07C92A182A21034900FE55EC /* Fairing.swift */ = {isa = PBXFileReference; lastKnownFileType = sourcecode.swift; path = Fairing.swift; sourceTree = "<group>"; };
		07C92A1A2A2103F700FE55EC /* PayloadWeight.swift */ = {isa = PBXFileReference; lastKnownFileType = sourcecode.swift; path = PayloadWeight.swift; sourceTree = "<group>"; };
		07C92A1C2A21041F00FE55EC /* LandingLeg.swift */ = {isa = PBXFileReference; lastKnownFileType = sourcecode.swift; path = LandingLeg.swift; sourceTree = "<group>"; };
		07C92A1E2A21044800FE55EC /* Isp.swift */ = {isa = PBXFileReference; lastKnownFileType = sourcecode.swift; path = Isp.swift; sourceTree = "<group>"; };
		07C92A202A21047D00FE55EC /* Engine.swift */ = {isa = PBXFileReference; lastKnownFileType = sourcecode.swift; path = Engine.swift; sourceTree = "<group>"; };
		07C92A222A2104C500FE55EC /* CompositeFairing.swift */ = {isa = PBXFileReference; lastKnownFileType = sourcecode.swift; path = CompositeFairing.swift; sourceTree = "<group>"; };
		07C92A242A2104ED00FE55EC /* Payload.swift */ = {isa = PBXFileReference; lastKnownFileType = sourcecode.swift; path = Payload.swift; sourceTree = "<group>"; };
		07C92A262A21051700FE55EC /* Thrust.swift */ = {isa = PBXFileReference; lastKnownFileType = sourcecode.swift; path = Thrust.swift; sourceTree = "<group>"; };
		07C92A282A21054E00FE55EC /* SecondStage.swift */ = {isa = PBXFileReference; lastKnownFileType = sourcecode.swift; path = SecondStage.swift; sourceTree = "<group>"; };
		07C92A2A2A21058200FE55EC /* FirstStage.swift */ = {isa = PBXFileReference; lastKnownFileType = sourcecode.swift; path = FirstStage.swift; sourceTree = "<group>"; };
		07C92A2C2A2105A900FE55EC /* Mass.swift */ = {isa = PBXFileReference; lastKnownFileType = sourcecode.swift; path = Mass.swift; sourceTree = "<group>"; };
		07C92A302A21060A00FE55EC /* Height.swift */ = {isa = PBXFileReference; lastKnownFileType = sourcecode.swift; path = Height.swift; sourceTree = "<group>"; };
		07CACA472AE67C9D002B7887 /* CodeToShowPad.app */ = {isa = PBXFileReference; explicitFileType = wrapper.application; includeInIndex = 0; path = CodeToShowPad.app; sourceTree = BUILT_PRODUCTS_DIR; };
		07CACA492AE67C9D002B7887 /* CodeToShowPadApp.swift */ = {isa = PBXFileReference; lastKnownFileType = sourcecode.swift; path = CodeToShowPadApp.swift; sourceTree = "<group>"; };
		07CACA4D2AE67C9E002B7887 /* Assets.xcassets */ = {isa = PBXFileReference; lastKnownFileType = folder.assetcatalog; path = Assets.xcassets; sourceTree = "<group>"; };
		07CACA502AE67C9E002B7887 /* Preview Assets.xcassets */ = {isa = PBXFileReference; lastKnownFileType = folder.assetcatalog; path = "Preview Assets.xcassets"; sourceTree = "<group>"; };
		07D2D4772A459C2E00E4BB1F /* Localizable.xcstrings */ = {isa = PBXFileReference; lastKnownFileType = text.json.xcstrings; path = Localizable.xcstrings; sourceTree = "<group>"; };
		07D2D4792A45A02C00E4BB1F /* StringExtension.swift */ = {isa = PBXFileReference; lastKnownFileType = sourcecode.swift; path = StringExtension.swift; sourceTree = "<group>"; };
/* End PBXFileReference section */

/* Begin PBXFrameworksBuildPhase section */
		0759B4262ADD4CBA00F85613 /* Frameworks */ = {
			isa = PBXFrameworksBuildPhase;
			buildActionMask = 2147483647;
			files = (
			);
			runOnlyForDeploymentPostprocessing = 0;
		};
		0783F5B02A20B04D001634C7 /* Frameworks */ = {
			isa = PBXFrameworksBuildPhase;
			buildActionMask = 2147483647;
			files = (
			);
			runOnlyForDeploymentPostprocessing = 0;
		};
		07AF729B2A1F9DE50061A976 /* Frameworks */ = {
			isa = PBXFrameworksBuildPhase;
			buildActionMask = 2147483647;
			files = (
			);
			runOnlyForDeploymentPostprocessing = 0;
		};
		07B2A8B72A1CC15000B16A4F /* Frameworks */ = {
			isa = PBXFrameworksBuildPhase;
			buildActionMask = 2147483647;
			files = (
			);
			runOnlyForDeploymentPostprocessing = 0;
		};
		07CACA442AE67C9D002B7887 /* Frameworks */ = {
			isa = PBXFrameworksBuildPhase;
			buildActionMask = 2147483647;
			files = (
			);
			runOnlyForDeploymentPostprocessing = 0;
		};
/* End PBXFrameworksBuildPhase section */

/* Begin PBXGroup section */
		0759B42A2ADD4CBA00F85613 /* CodeToShowXr */ = {
			isa = PBXGroup;
			children = (
				0759B42F2ADD4CBA00F85613 /* CodeToShowXrApp.swift */,
				0759B4382ADD4CBB00F85613 /* Info.plist */,
				0759B4352ADD4CBB00F85613 /* Preview Content */,
				0759B4682ADD5A1100F85613 /* Assets.xcassets */,
			);
			path = CodeToShowXr;
			sourceTree = "<group>";
		};
		0759B4352ADD4CBB00F85613 /* Preview Content */ = {
			isa = PBXGroup;
			children = (
				0759B4362ADD4CBB00F85613 /* Preview Assets.xcassets */,
			);
			path = "Preview Content";
			sourceTree = "<group>";
		};
		07803AE62A1F67EC00028F45 /* ViewModifiers */ = {
			isa = PBXGroup;
			children = (
				07803AE72A1F680900028F45 /* DeviceRotationViewModifier.swift */,
			);
			path = ViewModifiers;
			sourceTree = "<group>";
		};
		0783F5A42A20A2E3001634C7 /* Extensions */ = {
			isa = PBXGroup;
			children = (
				07AF72A72A1F9E4C0061A976 /* BoolExtensionTests.swift */,
				07AF72AB2A1FA8AB0061A976 /* JSONDecoderExtensionTests.swift */,
				078CA2972A2A0F1E009DB6AD /* URLExtensionTests.swift */,
				07AF72A92A1FA3440061A976 /* URLRequestExtensionTests.swift */,
			);
			path = Extensions;
			sourceTree = "<group>";
		};
		0783F5A72A20A5EF001634C7 /* API */ = {
			isa = PBXGroup;
			children = (
				0783F5A82A20A930001634C7 /* Enums */,
			);
			path = API;
			sourceTree = "<group>";
		};
		0783F5A82A20A930001634C7 /* Enums */ = {
			isa = PBXGroup;
			children = (
				0783F5A92A20A94C001634C7 /* ComponentPathsEnumTests.swift */,
			);
			path = Enums;
			sourceTree = "<group>";
		};
		0783F5AB2A20ABA6001634C7 /* Components */ = {
			isa = PBXGroup;
			children = (
				0783F5AC2A20ABB0001634C7 /* Enums */,
			);
			path = Components;
			sourceTree = "<group>";
		};
		0783F5AC2A20ABB0001634C7 /* Enums */ = {
			isa = PBXGroup;
			children = (
				0783F5AD2A20ABCE001634C7 /* SortingEnumsTests.swift */,
			);
			path = Enums;
			sourceTree = "<group>";
		};
		0783F5B42A20B04D001634C7 /* CodeToShowUITests */ = {
			isa = PBXGroup;
			children = (
				0783F5B72A20B04D001634C7 /* CodeToShowUITestsLaunchTests.swift */,
				0783F5C22A20C62C001634C7 /* Features */,
			);
			path = CodeToShowUITests;
			sourceTree = "<group>";
		};
		0783F5C22A20C62C001634C7 /* Features */ = {
			isa = PBXGroup;
			children = (
				0783F5BE2A20BF35001634C7 /* LaunchesListViewUITests.swift */,
				0783F5C02A20C618001634C7 /* LaunchDetailViewUITests.swift */,
			);
			path = Features;
			sourceTree = "<group>";
		};
		07AF729F2A1F9DE50061A976 /* CodeToShowTests */ = {
			isa = PBXGroup;
			children = (
				0783F5AB2A20ABA6001634C7 /* Components */,
				0783F5A72A20A5EF001634C7 /* API */,
				0783F5A42A20A2E3001634C7 /* Extensions */,
			);
			path = CodeToShowTests;
			sourceTree = "<group>";
		};
		07B2A8B12A1CC15000B16A4F = {
			isa = PBXGroup;
			children = (
				07B2A8BC2A1CC15000B16A4F /* CodeToShow */,
				07AF729F2A1F9DE50061A976 /* CodeToShowTests */,
				0783F5B42A20B04D001634C7 /* CodeToShowUITests */,
				0759B42A2ADD4CBA00F85613 /* CodeToShowXr */,
				07CACA482AE67C9D002B7887 /* CodeToShowPad */,
				07B2A8BB2A1CC15000B16A4F /* Products */,
			);
			sourceTree = "<group>";
		};
		07B2A8BB2A1CC15000B16A4F /* Products */ = {
			isa = PBXGroup;
			children = (
				07B2A8BA2A1CC15000B16A4F /* CodeToShow.app */,
				07AF729E2A1F9DE50061A976 /* CodeToShowTests.xctest */,
				0783F5B32A20B04D001634C7 /* CodeToShowUITests.xctest */,
				0759B4292ADD4CBA00F85613 /* CodeToShowXr.app */,
				07CACA472AE67C9D002B7887 /* CodeToShowPad.app */,
			);
			name = Products;
			sourceTree = "<group>";
		};
		07B2A8BC2A1CC15000B16A4F /* CodeToShow */ = {
			isa = PBXGroup;
			children = (
				07B2A8BD2A1CC15000B16A4F /* CodeToShowApp.swift */,
				07B2A8CD2A1CC4E400B16A4F /* Features */,
				07B2A8CE2A1CC4FF00B16A4F /* Components */,
				07B2A8CF2A1CC55200B16A4F /* Models */,
				07B2A8D02A1CC56100B16A4F /* API */,
				07B2A8D72A1CCAD100B16A4F /* Extensions */,
				07B2A8C12A1CC15100B16A4F /* Assets.xcassets */,
				07D2D4772A459C2E00E4BB1F /* Localizable.xcstrings */,
				07B2A8C32A1CC15100B16A4F /* Preview Content */,
			);
			path = CodeToShow;
			sourceTree = "<group>";
		};
		07B2A8C32A1CC15100B16A4F /* Preview Content */ = {
			isa = PBXGroup;
			children = (
				07B2A8C42A1CC15100B16A4F /* Preview Assets.xcassets */,
			);
			path = "Preview Content";
			sourceTree = "<group>";
		};
		07B2A8CD2A1CC4E400B16A4F /* Features */ = {
			isa = PBXGroup;
			children = (
				07B2A8D12A1CC8F100B16A4F /* LaunchesListView.swift */,
				07B2A8D32A1CC9AC00B16A4F /* LaunchesListViewModel.swift */,
				07803AE22A1F66A200028F45 /* LaunchDetailView.swift */,
			);
			path = Features;
			sourceTree = "<group>";
		};
		07B2A8CE2A1CC4FF00B16A4F /* Components */ = {
			isa = PBXGroup;
			children = (
				07803AE92A1F6E6200028F45 /* CrewDetailView.swift */,
				07803AEA2A1F6E6200028F45 /* CrewDetailViewModel.swift */,
				07803AEB2A1F6E6200028F45 /* CrewView.swift */,
				07803AE02A1F5BE100028F45 /* ErrorView.swift */,
				07B2A8EA2A1CF24800B16A4F /* LaunchRowView.swift */,
				07803AEC2A1F6E6200028F45 /* RocketView.swift */,
				07803AED2A1F6E6200028F45 /* RocketViewModel.swift */,
				07B2A8E62A1CF04400B16A4F /* Enums */,
				07803AE62A1F67EC00028F45 /* ViewModifiers */,
			);
			path = Components;
			sourceTree = "<group>";
		};
		07B2A8CF2A1CC55200B16A4F /* Models */ = {
			isa = PBXGroup;
			children = (
				07C92A092A21017C00FE55EC /* ModelSubclasses */,
				07803AF42A1F70C600028F45 /* CrewModel.swift */,
				07803AF32A1F70C600028F45 /* RocketModel.swift */,
				07B2A8E22A1CD6A000B16A4F /* ErrorModel.swift */,
				07C92A072A20F5A200FE55EC /* StarlinkModel.swift */,
			);
			path = Models;
			sourceTree = "<group>";
		};
		07B2A8D02A1CC56100B16A4F /* API */ = {
			isa = PBXGroup;
			children = (
				07B2A8E72A1CF04F00B16A4F /* Enums */,
				07B2A8DC2A1CD1D200B16A4F /* ModelLoader.swift */,
				07B2A8E02A1CD5FD00B16A4F /* Networking.swift */,
			);
			path = API;
			sourceTree = "<group>";
		};
		07B2A8D72A1CCAD100B16A4F /* Extensions */ = {
			isa = PBXGroup;
			children = (
				07803AF72A1F844700028F45 /* BoolExtension.swift */,
				07B2A8D82A1CCAF400B16A4F /* JSONDecoderExtension.swift */,
				07D2D4792A45A02C00E4BB1F /* StringExtension.swift */,
				078CA2952A2A05FC009DB6AD /* URLExtension.swift */,
				07B2A8E42A1CDD6900B16A4F /* URLRequestExtension.swift */,
			);
			path = Extensions;
			sourceTree = "<group>";
		};
		07B2A8E62A1CF04400B16A4F /* Enums */ = {
			isa = PBXGroup;
			children = (
				07B2A8E82A1CF06300B16A4F /* SortingEnum.swift */,
			);
			path = Enums;
			sourceTree = "<group>";
		};
		07B2A8E72A1CF04F00B16A4F /* Enums */ = {
			isa = PBXGroup;
			children = (
				07B2A8DE2A1CD47400B16A4F /* ComponentPathsEnum.swift */,
			);
			path = Enums;
			sourceTree = "<group>";
		};
		07C92A092A21017C00FE55EC /* ModelSubclasses */ = {
			isa = PBXGroup;
			children = (
				07C92A222A2104C500FE55EC /* CompositeFairing.swift */,
				07C92A0A2A2101C100FE55EC /* Core.swift */,
				07C92A0C2A21020600FE55EC /* Crew.swift */,
				07C92A202A21047D00FE55EC /* Engine.swift */,
				07C92A0E2A21023B00FE55EC /* Failure.swift */,
				07C92A182A21034900FE55EC /* Fairing.swift */,
				07C92A2A2A21058200FE55EC /* FirstStage.swift */,
				07C92A102A21026100FE55EC /* Flickr.swift */,
				07C92A302A21060A00FE55EC /* Height.swift */,
				07C92A1E2A21044800FE55EC /* Isp.swift */,
				07C92A1C2A21041F00FE55EC /* LandingLeg.swift */,
				07C92A162A21031200FE55EC /* Link.swift */,
				07C92A2C2A2105A900FE55EC /* Mass.swift */,
				07C92A142A2102DC00FE55EC /* Patch.swift */,
				07C92A242A2104ED00FE55EC /* Payload.swift */,
				07C92A1A2A2103F700FE55EC /* PayloadWeight.swift */,
				07C92A122A2102A200FE55EC /* Reddit.swift */,
				07C92A282A21054E00FE55EC /* SecondStage.swift */,
				07C92A262A21051700FE55EC /* Thrust.swift */,
			);
			path = ModelSubclasses;
			sourceTree = "<group>";
		};
		07CACA482AE67C9D002B7887 /* CodeToShowPad */ = {
			isa = PBXGroup;
			children = (
				07CACA492AE67C9D002B7887 /* CodeToShowPadApp.swift */,
				07CACA4D2AE67C9E002B7887 /* Assets.xcassets */,
				07CACA4F2AE67C9E002B7887 /* Preview Content */,
			);
			path = CodeToShowPad;
			sourceTree = "<group>";
		};
		07CACA4F2AE67C9E002B7887 /* Preview Content */ = {
			isa = PBXGroup;
			children = (
				07CACA502AE67C9E002B7887 /* Preview Assets.xcassets */,
			);
			path = "Preview Content";
			sourceTree = "<group>";
		};
/* End PBXGroup section */

/* Begin PBXNativeTarget section */
		0759B4282ADD4CBA00F85613 /* CodeToShowXr */ = {
			isa = PBXNativeTarget;
			buildConfigurationList = 0759B43B2ADD4CBB00F85613 /* Build configuration list for PBXNativeTarget "CodeToShowXr" */;
			buildPhases = (
				0759B4252ADD4CBA00F85613 /* Sources */,
				0759B4262ADD4CBA00F85613 /* Frameworks */,
				0759B4272ADD4CBA00F85613 /* Resources */,
			);
			buildRules = (
			);
			dependencies = (
			);
			name = CodeToShowXr;
			packageProductDependencies = (
			);
			productName = CodeToShowXr;
			productReference = 0759B4292ADD4CBA00F85613 /* CodeToShowXr.app */;
			productType = "com.apple.product-type.application";
		};
		0783F5B22A20B04D001634C7 /* CodeToShowUITests */ = {
			isa = PBXNativeTarget;
			buildConfigurationList = 0783F5BD2A20B04D001634C7 /* Build configuration list for PBXNativeTarget "CodeToShowUITests" */;
			buildPhases = (
				0783F5AF2A20B04D001634C7 /* Sources */,
				0783F5B02A20B04D001634C7 /* Frameworks */,
				0783F5B12A20B04D001634C7 /* Resources */,
			);
			buildRules = (
			);
			dependencies = (
				0783F5BA2A20B04D001634C7 /* PBXTargetDependency */,
			);
			name = CodeToShowUITests;
			productName = CodeToShowUITests;
			productReference = 0783F5B32A20B04D001634C7 /* CodeToShowUITests.xctest */;
			productType = "com.apple.product-type.bundle.ui-testing";
		};
		07AF729D2A1F9DE50061A976 /* CodeToShowTests */ = {
			isa = PBXNativeTarget;
			buildConfigurationList = 07AF72A62A1F9DE50061A976 /* Build configuration list for PBXNativeTarget "CodeToShowTests" */;
			buildPhases = (
				07AF729A2A1F9DE50061A976 /* Sources */,
				07AF729B2A1F9DE50061A976 /* Frameworks */,
				07AF729C2A1F9DE50061A976 /* Resources */,
			);
			buildRules = (
			);
			dependencies = (
				07AF72A32A1F9DE50061A976 /* PBXTargetDependency */,
			);
			name = CodeToShowTests;
			productName = CodeToShowTests;
			productReference = 07AF729E2A1F9DE50061A976 /* CodeToShowTests.xctest */;
			productType = "com.apple.product-type.bundle.unit-test";
		};
		07B2A8B92A1CC15000B16A4F /* CodeToShow */ = {
			isa = PBXNativeTarget;
			buildConfigurationList = 07B2A8C82A1CC15100B16A4F /* Build configuration list for PBXNativeTarget "CodeToShow" */;
			buildPhases = (
				07B2A8B62A1CC15000B16A4F /* Sources */,
				07B2A8B72A1CC15000B16A4F /* Frameworks */,
				07B2A8B82A1CC15000B16A4F /* Resources */,
				07F6C54E2A20DAB000D1489C /* ShellScript */,
			);
			buildRules = (
			);
			dependencies = (
			);
			name = CodeToShow;
			packageProductDependencies = (
			);
			productName = CodeToShow;
			productReference = 07B2A8BA2A1CC15000B16A4F /* CodeToShow.app */;
			productType = "com.apple.product-type.application";
		};
		07CACA462AE67C9D002B7887 /* CodeToShowPad */ = {
			isa = PBXNativeTarget;
			buildConfigurationList = 07CACA522AE67C9E002B7887 /* Build configuration list for PBXNativeTarget "CodeToShowPad" */;
			buildPhases = (
				07CACA432AE67C9D002B7887 /* Sources */,
				07CACA442AE67C9D002B7887 /* Frameworks */,
				07CACA452AE67C9D002B7887 /* Resources */,
			);
			buildRules = (
			);
			dependencies = (
			);
			name = CodeToShowPad;
			productName = CodeToShowPad;
			productReference = 07CACA472AE67C9D002B7887 /* CodeToShowPad.app */;
			productType = "com.apple.product-type.application";
		};
/* End PBXNativeTarget section */

/* Begin PBXProject section */
		07B2A8B22A1CC15000B16A4F /* Project object */ = {
			isa = PBXProject;
			attributes = {
				BuildIndependentTargetsInParallel = 1;
				LastSwiftUpdateCheck = 1510;
				LastUpgradeCheck = 1510;
				ORGANIZATIONNAME = LHBnO;
				TargetAttributes = {
					0759B4282ADD4CBA00F85613 = {
						CreatedOnToolsVersion = 15.1;
					};
					0783F5B22A20B04D001634C7 = {
						CreatedOnToolsVersion = 14.3;
						TestTargetID = 07B2A8B92A1CC15000B16A4F;
					};
					07AF729D2A1F9DE50061A976 = {
						CreatedOnToolsVersion = 14.3;
						TestTargetID = 07B2A8B92A1CC15000B16A4F;
					};
					07B2A8B92A1CC15000B16A4F = {
						CreatedOnToolsVersion = 14.3;
					};
					07CACA462AE67C9D002B7887 = {
						CreatedOnToolsVersion = 15.1;
					};
				};
			};
			buildConfigurationList = 07B2A8B52A1CC15000B16A4F /* Build configuration list for PBXProject "CodeToShow" */;
			compatibilityVersion = "Xcode 15.0";
			developmentRegion = en;
			hasScannedForEncodings = 0;
			knownRegions = (
				en,
				Base,
				cs,
			);
			mainGroup = 07B2A8B12A1CC15000B16A4F;
			packageReferences = (
			);
			productRefGroup = 07B2A8BB2A1CC15000B16A4F /* Products */;
			projectDirPath = "";
			projectRoot = "";
			targets = (
				07B2A8B92A1CC15000B16A4F /* CodeToShow */,
				07AF729D2A1F9DE50061A976 /* CodeToShowTests */,
				0783F5B22A20B04D001634C7 /* CodeToShowUITests */,
				0759B4282ADD4CBA00F85613 /* CodeToShowXr */,
				07CACA462AE67C9D002B7887 /* CodeToShowPad */,
			);
		};
/* End PBXProject section */

/* Begin PBXResourcesBuildPhase section */
		0759B4272ADD4CBA00F85613 /* Resources */ = {
			isa = PBXResourcesBuildPhase;
			buildActionMask = 2147483647;
			files = (
				0759B4372ADD4CBB00F85613 /* Preview Assets.xcassets in Resources */,
				0759B4692ADD5A1100F85613 /* Assets.xcassets in Resources */,
				0759B4662ADD510500F85613 /* Localizable.xcstrings in Resources */,
			);
			runOnlyForDeploymentPostprocessing = 0;
		};
		0783F5B12A20B04D001634C7 /* Resources */ = {
			isa = PBXResourcesBuildPhase;
			buildActionMask = 2147483647;
			files = (
			);
			runOnlyForDeploymentPostprocessing = 0;
		};
		07AF729C2A1F9DE50061A976 /* Resources */ = {
			isa = PBXResourcesBuildPhase;
			buildActionMask = 2147483647;
			files = (
			);
			runOnlyForDeploymentPostprocessing = 0;
		};
		07B2A8B82A1CC15000B16A4F /* Resources */ = {
			isa = PBXResourcesBuildPhase;
			buildActionMask = 2147483647;
			files = (
				07B2A8C52A1CC15100B16A4F /* Preview Assets.xcassets in Resources */,
				07B2A8C22A1CC15100B16A4F /* Assets.xcassets in Resources */,
				07D2D4782A459C2E00E4BB1F /* Localizable.xcstrings in Resources */,
			);
			runOnlyForDeploymentPostprocessing = 0;
		};
		07CACA452AE67C9D002B7887 /* Resources */ = {
			isa = PBXResourcesBuildPhase;
			buildActionMask = 2147483647;
			files = (
				07CACA512AE67C9E002B7887 /* Preview Assets.xcassets in Resources */,
				07CACA4E2AE67C9E002B7887 /* Assets.xcassets in Resources */,
				07CACA802AE67DCF002B7887 /* Localizable.xcstrings in Resources */,
			);
			runOnlyForDeploymentPostprocessing = 0;
		};
/* End PBXResourcesBuildPhase section */

/* Begin PBXShellScriptBuildPhase section */
		07F6C54E2A20DAB000D1489C /* ShellScript */ = {
			isa = PBXShellScriptBuildPhase;
			alwaysOutOfDate = 1;
			buildActionMask = 2147483647;
			files = (
			);
			inputFileListPaths = (
			);
			inputPaths = (
			);
			outputFileListPaths = (
			);
			outputPaths = (
			);
			runOnlyForDeploymentPostprocessing = 0;
			shellPath = /bin/zsh;
			shellScript = "if which swiftlint >/dev/null; then\n    swiftlint --config .swiftlint.yml\nelse\n    echo \"warning: SwiftLint is not installed\"\nfi\n";
		};
/* End PBXShellScriptBuildPhase section */

/* Begin PBXSourcesBuildPhase section */
		0759B4252ADD4CBA00F85613 /* Sources */ = {
			isa = PBXSourcesBuildPhase;
			buildActionMask = 2147483647;
			files = (
				0759B43F2ADD500D00F85613 /* Core.swift in Sources */,
				0759B43C2ADD4F2C00F85613 /* LaunchesListView.swift in Sources */,
				0759B4492ADD500D00F85613 /* Flickr.swift in Sources */,
				0759B4602ADD50EA00F85613 /* Networking.swift in Sources */,
				0759B4562ADD508600F85613 /* RocketView.swift in Sources */,
				0759B4432ADD500D00F85613 /* Isp.swift in Sources */,
				0759B44D2ADD500D00F85613 /* PayloadWeight.swift in Sources */,
				0759B4402ADD500D00F85613 /* Failure.swift in Sources */,
				0759B44E2ADD500D00F85613 /* SecondStage.swift in Sources */,
				0759B4652ADD50F400F85613 /* URLRequestExtension.swift in Sources */,
				0759B4632ADD50F400F85613 /* BoolExtension.swift in Sources */,
				0759B4522ADD502100F85613 /* StarlinkModel.swift in Sources */,
				0759B45E2ADD50E200F85613 /* ComponentPathsEnum.swift in Sources */,
				0759B4622ADD50F400F85613 /* URLExtension.swift in Sources */,
				0759B4642ADD50F400F85613 /* JSONDecoderExtension.swift in Sources */,
				0759B4442ADD500D00F85613 /* Link.swift in Sources */,
				0759B4612ADD50F400F85613 /* StringExtension.swift in Sources */,
				0759B45B2ADD508600F85613 /* LaunchRowView.swift in Sources */,
				0759B43D2ADD4F3100F85613 /* LaunchesListViewModel.swift in Sources */,
				0759B4582ADD508600F85613 /* RocketViewModel.swift in Sources */,
				0759B4412ADD500D00F85613 /* Engine.swift in Sources */,
				0759B4472ADD500D00F85613 /* Fairing.swift in Sources */,
				0759B44F2ADD500D00F85613 /* Patch.swift in Sources */,
				0759B4452ADD500D00F85613 /* CompositeFairing.swift in Sources */,
				0759B44B2ADD500D00F85613 /* Mass.swift in Sources */,
				0759B4302ADD4CBA00F85613 /* CodeToShowXrApp.swift in Sources */,
				0759B4542ADD502100F85613 /* CrewModel.swift in Sources */,
				0759B45A2ADD508600F85613 /* CrewDetailView.swift in Sources */,
				0759B45C2ADD508600F85613 /* CrewDetailViewModel.swift in Sources */,
				0759B4482ADD500D00F85613 /* Thrust.swift in Sources */,
				0759B4592ADD508600F85613 /* CrewView.swift in Sources */,
				0759B4532ADD502100F85613 /* ErrorModel.swift in Sources */,
				0759B4502ADD500D00F85613 /* Crew.swift in Sources */,
				0759B4552ADD502100F85613 /* RocketModel.swift in Sources */,
				0759B4512ADD500D00F85613 /* Payload.swift in Sources */,
				0759B4462ADD500D00F85613 /* Reddit.swift in Sources */,
				0759B4572ADD508600F85613 /* ErrorView.swift in Sources */,
				0759B45D2ADD508B00F85613 /* SortingEnum.swift in Sources */,
				0759B4422ADD500D00F85613 /* FirstStage.swift in Sources */,
				0759B44A2ADD500D00F85613 /* Height.swift in Sources */,
				0759B43E2ADD4F3800F85613 /* LaunchDetailView.swift in Sources */,
				0759B45F2ADD50E500F85613 /* ModelLoader.swift in Sources */,
				0759B44C2ADD500D00F85613 /* LandingLeg.swift in Sources */,
			);
			runOnlyForDeploymentPostprocessing = 0;
		};
		0783F5AF2A20B04D001634C7 /* Sources */ = {
			isa = PBXSourcesBuildPhase;
			buildActionMask = 2147483647;
			files = (
				0783F5BF2A20BF35001634C7 /* LaunchesListViewUITests.swift in Sources */,
				0783F5C12A20C618001634C7 /* LaunchDetailViewUITests.swift in Sources */,
				0783F5B82A20B04D001634C7 /* CodeToShowUITestsLaunchTests.swift in Sources */,
			);
			runOnlyForDeploymentPostprocessing = 0;
		};
		07AF729A2A1F9DE50061A976 /* Sources */ = {
			isa = PBXSourcesBuildPhase;
			buildActionMask = 2147483647;
			files = (
				07AF72AA2A1FA3440061A976 /* URLRequestExtensionTests.swift in Sources */,
				0783F5AE2A20ABCE001634C7 /* SortingEnumsTests.swift in Sources */,
				07AF72AC2A1FA8AB0061A976 /* JSONDecoderExtensionTests.swift in Sources */,
				07AF72A82A1F9E4C0061A976 /* BoolExtensionTests.swift in Sources */,
				0783F5AA2A20A94C001634C7 /* ComponentPathsEnumTests.swift in Sources */,
				078CA2982A2A0F1E009DB6AD /* URLExtensionTests.swift in Sources */,
			);
			runOnlyForDeploymentPostprocessing = 0;
		};
		07B2A8B62A1CC15000B16A4F /* Sources */ = {
			isa = PBXSourcesBuildPhase;
			buildActionMask = 2147483647;
			files = (
				07C92A1B2A2103F700FE55EC /* PayloadWeight.swift in Sources */,
				07B2A8D92A1CCAF400B16A4F /* JSONDecoderExtension.swift in Sources */,
				07C92A112A21026100FE55EC /* Flickr.swift in Sources */,
				07803AEE2A1F6E6200028F45 /* CrewDetailView.swift in Sources */,
				07C92A132A2102A200FE55EC /* Reddit.swift in Sources */,
				07C92A272A21051700FE55EC /* Thrust.swift in Sources */,
				07803AEF2A1F6E6200028F45 /* CrewDetailViewModel.swift in Sources */,
				07803AF62A1F70C600028F45 /* CrewModel.swift in Sources */,
				07C92A0D2A21020600FE55EC /* Crew.swift in Sources */,
				07C92A232A2104C500FE55EC /* CompositeFairing.swift in Sources */,
				07803AF22A1F6E6200028F45 /* RocketViewModel.swift in Sources */,
				07B2A8E52A1CDD6900B16A4F /* URLRequestExtension.swift in Sources */,
				07C92A292A21054E00FE55EC /* SecondStage.swift in Sources */,
				07C92A172A21031200FE55EC /* Link.swift in Sources */,
				07C92A1D2A21041F00FE55EC /* LandingLeg.swift in Sources */,
				07C92A2B2A21058200FE55EC /* FirstStage.swift in Sources */,
				07C92A0B2A2101C100FE55EC /* Core.swift in Sources */,
				07B2A8E92A1CF06300B16A4F /* SortingEnum.swift in Sources */,
				07B2A8BE2A1CC15000B16A4F /* CodeToShowApp.swift in Sources */,
				07C92A312A21060A00FE55EC /* Height.swift in Sources */,
				07D2D47A2A45A02C00E4BB1F /* StringExtension.swift in Sources */,
				07B2A8EB2A1CF24800B16A4F /* LaunchRowView.swift in Sources */,
				07B2A8D22A1CC8F100B16A4F /* LaunchesListView.swift in Sources */,
				07C92A082A20F5A200FE55EC /* StarlinkModel.swift in Sources */,
				07B2A8E12A1CD5FD00B16A4F /* Networking.swift in Sources */,
				07C92A0F2A21023B00FE55EC /* Failure.swift in Sources */,
				07803AF12A1F6E6200028F45 /* RocketView.swift in Sources */,
				07B2A8D42A1CC9AC00B16A4F /* LaunchesListViewModel.swift in Sources */,
				07803AF52A1F70C600028F45 /* RocketModel.swift in Sources */,
				07803AF82A1F844700028F45 /* BoolExtension.swift in Sources */,
				07C92A152A2102DC00FE55EC /* Patch.swift in Sources */,
				07C92A252A2104ED00FE55EC /* Payload.swift in Sources */,
				07B2A8DF2A1CD47400B16A4F /* ComponentPathsEnum.swift in Sources */,
				07C92A2D2A2105A900FE55EC /* Mass.swift in Sources */,
				07803AE82A1F680900028F45 /* DeviceRotationViewModifier.swift in Sources */,
				07C92A192A21034900FE55EC /* Fairing.swift in Sources */,
				07803AF02A1F6E6200028F45 /* CrewView.swift in Sources */,
				07B2A8E32A1CD6A000B16A4F /* ErrorModel.swift in Sources */,
				07803AE32A1F66A200028F45 /* LaunchDetailView.swift in Sources */,
				078CA2962A2A05FC009DB6AD /* URLExtension.swift in Sources */,
				07B2A8DD2A1CD1D200B16A4F /* ModelLoader.swift in Sources */,
				07C92A1F2A21044800FE55EC /* Isp.swift in Sources */,
				07803AE12A1F5BE100028F45 /* ErrorView.swift in Sources */,
				07C92A212A21047D00FE55EC /* Engine.swift in Sources */,
			);
			runOnlyForDeploymentPostprocessing = 0;
		};
		07CACA432AE67C9D002B7887 /* Sources */ = {
			isa = PBXSourcesBuildPhase;
			buildActionMask = 2147483647;
			files = (
				07CACA7A2AE67DB8002B7887 /* ModelLoader.swift in Sources */,
				07CACA732AE67DA2002B7887 /* LandingLeg.swift in Sources */,
				07CACA672AE67DA2002B7887 /* Fairing.swift in Sources */,
				07CACA632AE67DA2002B7887 /* Isp.swift in Sources */,
				07CACA6F2AE67DA2002B7887 /* Patch.swift in Sources */,
				07CACA5D2AE67D78002B7887 /* LaunchRowView.swift in Sources */,
				07CACA592AE67D78002B7887 /* RocketView.swift in Sources */,
				07CACA772AE67DA9002B7887 /* ErrorModel.swift in Sources */,
				07CACA742AE67DA9002B7887 /* StarlinkModel.swift in Sources */,
				07CACA7D2AE67DC7002B7887 /* BoolExtension.swift in Sources */,
				07CACA722AE67DA2002B7887 /* Height.swift in Sources */,
				07CACA7B2AE67DC7002B7887 /* JSONDecoderExtension.swift in Sources */,
				07CACA782AE67DB2002B7887 /* ComponentPathsEnum.swift in Sources */,
				07CACA582AE67D78002B7887 /* RocketViewModel.swift in Sources */,
				07CACA752AE67DA9002B7887 /* RocketModel.swift in Sources */,
				07CACA6D2AE67DA2002B7887 /* Mass.swift in Sources */,
				07CACA602AE67D95002B7887 /* DeviceRotationViewModifier.swift in Sources */,
				07CACA622AE67DA2002B7887 /* Engine.swift in Sources */,
				07CACA652AE67DA2002B7887 /* SecondStage.swift in Sources */,
				07CACA4A2AE67C9D002B7887 /* CodeToShowPadApp.swift in Sources */,
				07CACA7F2AE67DC7002B7887 /* StringExtension.swift in Sources */,
				07CACA552AE67D6E002B7887 /* LaunchesListView.swift in Sources */,
				07CACA5B2AE67D78002B7887 /* CrewDetailViewModel.swift in Sources */,
				07CACA792AE67DB8002B7887 /* Networking.swift in Sources */,
				07CACA5C2AE67D78002B7887 /* CrewDetailView.swift in Sources */,
				07CACA5F2AE67D8F002B7887 /* SortingEnum.swift in Sources */,
				07CACA692AE67DA2002B7887 /* FirstStage.swift in Sources */,
				07CACA572AE67D6E002B7887 /* LaunchDetailView.swift in Sources */,
				07CACA612AE67DA2002B7887 /* Crew.swift in Sources */,
				07CACA6B2AE67DA2002B7887 /* PayloadWeight.swift in Sources */,
				07CACA682AE67DA2002B7887 /* Link.swift in Sources */,
				07CACA642AE67DA2002B7887 /* Core.swift in Sources */,
				07CACA5A2AE67D78002B7887 /* CrewView.swift in Sources */,
				07CACA712AE67DA2002B7887 /* Flickr.swift in Sources */,
				07CACA6E2AE67DA2002B7887 /* Payload.swift in Sources */,
				07CACA6C2AE67DA2002B7887 /* Reddit.swift in Sources */,
				07CACA6A2AE67DA2002B7887 /* Thrust.swift in Sources */,
				07CACA702AE67DA2002B7887 /* CompositeFairing.swift in Sources */,
				07CACA562AE67D6E002B7887 /* LaunchesListViewModel.swift in Sources */,
				07CACA7E2AE67DC7002B7887 /* URLExtension.swift in Sources */,
				07CACA662AE67DA2002B7887 /* Failure.swift in Sources */,
				07CACA762AE67DA9002B7887 /* CrewModel.swift in Sources */,
				07CACA7C2AE67DC7002B7887 /* URLRequestExtension.swift in Sources */,
				07CACA5E2AE67D78002B7887 /* ErrorView.swift in Sources */,
			);
			runOnlyForDeploymentPostprocessing = 0;
		};
/* End PBXSourcesBuildPhase section */

/* Begin PBXTargetDependency section */
		0783F5BA2A20B04D001634C7 /* PBXTargetDependency */ = {
			isa = PBXTargetDependency;
			target = 07B2A8B92A1CC15000B16A4F /* CodeToShow */;
			targetProxy = 0783F5B92A20B04D001634C7 /* PBXContainerItemProxy */;
		};
		07AF72A32A1F9DE50061A976 /* PBXTargetDependency */ = {
			isa = PBXTargetDependency;
			target = 07B2A8B92A1CC15000B16A4F /* CodeToShow */;
			targetProxy = 07AF72A22A1F9DE50061A976 /* PBXContainerItemProxy */;
		};
/* End PBXTargetDependency section */

/* Begin XCBuildConfiguration section */
		0759B4392ADD4CBB00F85613 /* Debug */ = {
			isa = XCBuildConfiguration;
			buildSettings = {
				ASSETCATALOG_COMPILER_APPICON_NAME = AppIcon;
				ASSETCATALOG_COMPILER_GLOBAL_ACCENT_COLOR_NAME = AccentColor;
				CODE_SIGN_STYLE = Automatic;
				CURRENT_PROJECT_VERSION = 1;
				DEVELOPMENT_ASSET_PATHS = "\"CodeToShowXr/Preview Content\"";
				DEVELOPMENT_TEAM = 44G4QSF9PU;
				ENABLE_PREVIEWS = YES;
				GCC_C_LANGUAGE_STANDARD = gnu17;
				GENERATE_INFOPLIST_FILE = YES;
				INFOPLIST_FILE = "$(TARGET_NAME)/Info.plist";
				INFOPLIST_KEY_CFBundleDisplayName = "Code Show";
				INFOPLIST_KEY_LSApplicationCategoryType = "public.app-category.lifestyle";
				LD_RUNPATH_SEARCH_PATHS = (
					"$(inherited)",
					"@executable_path/Frameworks",
				);
				LOCALIZATION_PREFERS_STRING_CATALOGS = YES;
				MARKETING_VERSION = 1.0;
				PRODUCT_BUNDLE_IDENTIFIER = eu.ladahavlik.CodeToShowXr;
				PRODUCT_NAME = "$(TARGET_NAME)";
				SDKROOT = xros;
				SUPPORTED_PLATFORMS = "xros xrsimulator";
				SWIFT_ACTIVE_COMPILATION_CONDITIONS = "DEBUG $(inherited)";
				SWIFT_EMIT_LOC_STRINGS = YES;
				SWIFT_VERSION = 5.0;
				TARGETED_DEVICE_FAMILY = "1,2,7";
				XROS_DEPLOYMENT_TARGET = 1.0;
			};
			name = Debug;
		};
		0759B43A2ADD4CBB00F85613 /* Release */ = {
			isa = XCBuildConfiguration;
			buildSettings = {
				ASSETCATALOG_COMPILER_APPICON_NAME = AppIcon;
				ASSETCATALOG_COMPILER_GLOBAL_ACCENT_COLOR_NAME = AccentColor;
				CODE_SIGN_STYLE = Automatic;
				CURRENT_PROJECT_VERSION = 1;
				DEVELOPMENT_ASSET_PATHS = "\"CodeToShowXr/Preview Content\"";
				DEVELOPMENT_TEAM = 44G4QSF9PU;
				ENABLE_PREVIEWS = YES;
				GCC_C_LANGUAGE_STANDARD = gnu17;
				GENERATE_INFOPLIST_FILE = YES;
				INFOPLIST_FILE = "$(TARGET_NAME)/Info.plist";
				INFOPLIST_KEY_CFBundleDisplayName = "Code Show";
				INFOPLIST_KEY_LSApplicationCategoryType = "public.app-category.lifestyle";
				LD_RUNPATH_SEARCH_PATHS = (
					"$(inherited)",
					"@executable_path/Frameworks",
				);
				LOCALIZATION_PREFERS_STRING_CATALOGS = YES;
				MARKETING_VERSION = 1.0;
				PRODUCT_BUNDLE_IDENTIFIER = eu.ladahavlik.CodeToShowXr;
				PRODUCT_NAME = "$(TARGET_NAME)";
				SDKROOT = xros;
				SUPPORTED_PLATFORMS = "xros xrsimulator";
				SWIFT_EMIT_LOC_STRINGS = YES;
				SWIFT_VERSION = 5.0;
				TARGETED_DEVICE_FAMILY = "1,2,7";
				XROS_DEPLOYMENT_TARGET = 1.0;
			};
			name = Release;
		};
		0783F5BB2A20B04D001634C7 /* Debug */ = {
			isa = XCBuildConfiguration;
			buildSettings = {
				CODE_SIGN_STYLE = Automatic;
				CURRENT_PROJECT_VERSION = 1;
				DEVELOPMENT_TEAM = 44G4QSF9PU;
				GENERATE_INFOPLIST_FILE = YES;
				MARKETING_VERSION = 1.0;
				PRODUCT_BUNDLE_IDENTIFIER = cz.ladahavlik.CodeToShowUITests;
				PRODUCT_NAME = "$(TARGET_NAME)";
				SUPPORTED_PLATFORMS = "iphoneos iphonesimulator";
				SUPPORTS_MACCATALYST = NO;
				SUPPORTS_MAC_DESIGNED_FOR_IPHONE_IPAD = NO;
				SUPPORTS_XR_DESIGNED_FOR_IPHONE_IPAD = NO;
				SWIFT_EMIT_LOC_STRINGS = NO;
				SWIFT_VERSION = 5.0;
				TARGETED_DEVICE_FAMILY = 1;
				TEST_TARGET_NAME = CodeToShow;
			};
			name = Debug;
		};
		0783F5BC2A20B04D001634C7 /* Release */ = {
			isa = XCBuildConfiguration;
			buildSettings = {
				CODE_SIGN_STYLE = Automatic;
				CURRENT_PROJECT_VERSION = 1;
				DEVELOPMENT_TEAM = 44G4QSF9PU;
				GENERATE_INFOPLIST_FILE = YES;
				MARKETING_VERSION = 1.0;
				PRODUCT_BUNDLE_IDENTIFIER = cz.ladahavlik.CodeToShowUITests;
				PRODUCT_NAME = "$(TARGET_NAME)";
				SUPPORTED_PLATFORMS = "iphoneos iphonesimulator";
				SUPPORTS_MACCATALYST = NO;
				SUPPORTS_MAC_DESIGNED_FOR_IPHONE_IPAD = NO;
				SUPPORTS_XR_DESIGNED_FOR_IPHONE_IPAD = NO;
				SWIFT_EMIT_LOC_STRINGS = NO;
				SWIFT_VERSION = 5.0;
				TARGETED_DEVICE_FAMILY = 1;
				TEST_TARGET_NAME = CodeToShow;
			};
			name = Release;
		};
		07AF72A42A1F9DE50061A976 /* Debug */ = {
			isa = XCBuildConfiguration;
			buildSettings = {
				BUNDLE_LOADER = "$(TEST_HOST)";
				CODE_SIGN_STYLE = Automatic;
				CURRENT_PROJECT_VERSION = 1;
				DEVELOPMENT_TEAM = 44G4QSF9PU;
				GENERATE_INFOPLIST_FILE = YES;
				MARKETING_VERSION = 1.0;
				PRODUCT_BUNDLE_IDENTIFIER = cz.ladahavlik.CodeToShowTests;
				PRODUCT_NAME = "$(TARGET_NAME)";
				SUPPORTED_PLATFORMS = "iphoneos iphonesimulator";
				SUPPORTS_MACCATALYST = NO;
				SUPPORTS_MAC_DESIGNED_FOR_IPHONE_IPAD = NO;
				SUPPORTS_XR_DESIGNED_FOR_IPHONE_IPAD = NO;
				SWIFT_EMIT_LOC_STRINGS = NO;
				SWIFT_VERSION = 5.0;
				TARGETED_DEVICE_FAMILY = 1;
				TEST_HOST = "$(BUILT_PRODUCTS_DIR)/CodeToShow.app/$(BUNDLE_EXECUTABLE_FOLDER_PATH)/CodeToShow";
			};
			name = Debug;
		};
		07AF72A52A1F9DE50061A976 /* Release */ = {
			isa = XCBuildConfiguration;
			buildSettings = {
				BUNDLE_LOADER = "$(TEST_HOST)";
				CODE_SIGN_STYLE = Automatic;
				CURRENT_PROJECT_VERSION = 1;
				DEVELOPMENT_TEAM = 44G4QSF9PU;
				GENERATE_INFOPLIST_FILE = YES;
				MARKETING_VERSION = 1.0;
				PRODUCT_BUNDLE_IDENTIFIER = cz.ladahavlik.CodeToShowTests;
				PRODUCT_NAME = "$(TARGET_NAME)";
				SUPPORTED_PLATFORMS = "iphoneos iphonesimulator";
				SUPPORTS_MACCATALYST = NO;
				SUPPORTS_MAC_DESIGNED_FOR_IPHONE_IPAD = NO;
				SUPPORTS_XR_DESIGNED_FOR_IPHONE_IPAD = NO;
				SWIFT_EMIT_LOC_STRINGS = NO;
				SWIFT_VERSION = 5.0;
				TARGETED_DEVICE_FAMILY = 1;
				TEST_HOST = "$(BUILT_PRODUCTS_DIR)/CodeToShow.app/$(BUNDLE_EXECUTABLE_FOLDER_PATH)/CodeToShow";
			};
			name = Release;
		};
		07B2A8C62A1CC15100B16A4F /* Debug */ = {
			isa = XCBuildConfiguration;
			buildSettings = {
				ALWAYS_SEARCH_USER_PATHS = NO;
				ASSETCATALOG_COMPILER_GENERATE_SWIFT_ASSET_SYMBOL_EXTENSIONS = YES;
				CLANG_ANALYZER_LOCALIZABILITY_NONLOCALIZED = YES;
				CLANG_ANALYZER_NONNULL = YES;
				CLANG_ANALYZER_NUMBER_OBJECT_CONVERSION = YES_AGGRESSIVE;
				CLANG_CXX_LANGUAGE_STANDARD = "gnu++20";
				CLANG_ENABLE_MODULES = YES;
				CLANG_ENABLE_OBJC_ARC = YES;
				CLANG_ENABLE_OBJC_WEAK = YES;
				CLANG_WARN_BLOCK_CAPTURE_AUTORELEASING = YES;
				CLANG_WARN_BOOL_CONVERSION = YES;
				CLANG_WARN_COMMA = YES;
				CLANG_WARN_CONSTANT_CONVERSION = YES;
				CLANG_WARN_DEPRECATED_OBJC_IMPLEMENTATIONS = YES;
				CLANG_WARN_DIRECT_OBJC_ISA_USAGE = YES_ERROR;
				CLANG_WARN_DOCUMENTATION_COMMENTS = YES;
				CLANG_WARN_EMPTY_BODY = YES;
				CLANG_WARN_ENUM_CONVERSION = YES;
				CLANG_WARN_INFINITE_RECURSION = YES;
				CLANG_WARN_INT_CONVERSION = YES;
				CLANG_WARN_NON_LITERAL_NULL_CONVERSION = YES;
				CLANG_WARN_OBJC_IMPLICIT_RETAIN_SELF = YES;
				CLANG_WARN_OBJC_LITERAL_CONVERSION = YES;
				CLANG_WARN_OBJC_ROOT_CLASS = YES_ERROR;
				CLANG_WARN_QUOTED_INCLUDE_IN_FRAMEWORK_HEADER = YES;
				CLANG_WARN_RANGE_LOOP_ANALYSIS = YES;
				CLANG_WARN_STRICT_PROTOTYPES = YES;
				CLANG_WARN_SUSPICIOUS_MOVE = YES;
				CLANG_WARN_UNGUARDED_AVAILABILITY = YES_AGGRESSIVE;
				CLANG_WARN_UNREACHABLE_CODE = YES;
				CLANG_WARN__DUPLICATE_METHOD_MATCH = YES;
				COPY_PHASE_STRIP = NO;
				DEBUG_INFORMATION_FORMAT = dwarf;
				ENABLE_STRICT_OBJC_MSGSEND = YES;
				ENABLE_TESTABILITY = YES;
				ENABLE_USER_SCRIPT_SANDBOXING = YES;
				GCC_C_LANGUAGE_STANDARD = gnu11;
				GCC_DYNAMIC_NO_PIC = NO;
				GCC_NO_COMMON_BLOCKS = YES;
				GCC_OPTIMIZATION_LEVEL = 0;
				GCC_PREPROCESSOR_DEFINITIONS = (
					"DEBUG=1",
					"$(inherited)",
				);
				GCC_WARN_64_TO_32_BIT_CONVERSION = YES;
				GCC_WARN_ABOUT_RETURN_TYPE = YES_ERROR;
				GCC_WARN_UNDECLARED_SELECTOR = YES;
				GCC_WARN_UNINITIALIZED_AUTOS = YES_AGGRESSIVE;
				GCC_WARN_UNUSED_FUNCTION = YES;
				GCC_WARN_UNUSED_VARIABLE = YES;
				IPHONEOS_DEPLOYMENT_TARGET = 17.0;
				MTL_ENABLE_DEBUG_INFO = INCLUDE_SOURCE;
				MTL_FAST_MATH = YES;
				ONLY_ACTIVE_ARCH = YES;
				SDKROOT = iphoneos;
				SWIFT_ACTIVE_COMPILATION_CONDITIONS = DEBUG;
				SWIFT_OPTIMIZATION_LEVEL = "-Onone";
			};
			name = Debug;
		};
		07B2A8C72A1CC15100B16A4F /* Release */ = {
			isa = XCBuildConfiguration;
			buildSettings = {
				ALWAYS_SEARCH_USER_PATHS = NO;
				ASSETCATALOG_COMPILER_GENERATE_SWIFT_ASSET_SYMBOL_EXTENSIONS = YES;
				CLANG_ANALYZER_LOCALIZABILITY_NONLOCALIZED = YES;
				CLANG_ANALYZER_NONNULL = YES;
				CLANG_ANALYZER_NUMBER_OBJECT_CONVERSION = YES_AGGRESSIVE;
				CLANG_CXX_LANGUAGE_STANDARD = "gnu++20";
				CLANG_ENABLE_MODULES = YES;
				CLANG_ENABLE_OBJC_ARC = YES;
				CLANG_ENABLE_OBJC_WEAK = YES;
				CLANG_WARN_BLOCK_CAPTURE_AUTORELEASING = YES;
				CLANG_WARN_BOOL_CONVERSION = YES;
				CLANG_WARN_COMMA = YES;
				CLANG_WARN_CONSTANT_CONVERSION = YES;
				CLANG_WARN_DEPRECATED_OBJC_IMPLEMENTATIONS = YES;
				CLANG_WARN_DIRECT_OBJC_ISA_USAGE = YES_ERROR;
				CLANG_WARN_DOCUMENTATION_COMMENTS = YES;
				CLANG_WARN_EMPTY_BODY = YES;
				CLANG_WARN_ENUM_CONVERSION = YES;
				CLANG_WARN_INFINITE_RECURSION = YES;
				CLANG_WARN_INT_CONVERSION = YES;
				CLANG_WARN_NON_LITERAL_NULL_CONVERSION = YES;
				CLANG_WARN_OBJC_IMPLICIT_RETAIN_SELF = YES;
				CLANG_WARN_OBJC_LITERAL_CONVERSION = YES;
				CLANG_WARN_OBJC_ROOT_CLASS = YES_ERROR;
				CLANG_WARN_QUOTED_INCLUDE_IN_FRAMEWORK_HEADER = YES;
				CLANG_WARN_RANGE_LOOP_ANALYSIS = YES;
				CLANG_WARN_STRICT_PROTOTYPES = YES;
				CLANG_WARN_SUSPICIOUS_MOVE = YES;
				CLANG_WARN_UNGUARDED_AVAILABILITY = YES_AGGRESSIVE;
				CLANG_WARN_UNREACHABLE_CODE = YES;
				CLANG_WARN__DUPLICATE_METHOD_MATCH = YES;
				COPY_PHASE_STRIP = NO;
				DEBUG_INFORMATION_FORMAT = "dwarf-with-dsym";
				ENABLE_NS_ASSERTIONS = NO;
				ENABLE_STRICT_OBJC_MSGSEND = YES;
				ENABLE_USER_SCRIPT_SANDBOXING = YES;
				GCC_C_LANGUAGE_STANDARD = gnu11;
				GCC_NO_COMMON_BLOCKS = YES;
				GCC_WARN_64_TO_32_BIT_CONVERSION = YES;
				GCC_WARN_ABOUT_RETURN_TYPE = YES_ERROR;
				GCC_WARN_UNDECLARED_SELECTOR = YES;
				GCC_WARN_UNINITIALIZED_AUTOS = YES_AGGRESSIVE;
				GCC_WARN_UNUSED_FUNCTION = YES;
				GCC_WARN_UNUSED_VARIABLE = YES;
				IPHONEOS_DEPLOYMENT_TARGET = 17.0;
				MTL_ENABLE_DEBUG_INFO = NO;
				MTL_FAST_MATH = YES;
				SDKROOT = iphoneos;
				SWIFT_COMPILATION_MODE = wholemodule;
				SWIFT_OPTIMIZATION_LEVEL = "-O";
				VALIDATE_PRODUCT = YES;
			};
			name = Release;
		};
		07B2A8C92A1CC15100B16A4F /* Debug */ = {
			isa = XCBuildConfiguration;
			buildSettings = {
				ASSETCATALOG_COMPILER_APPICON_NAME = AppIcon;
				ASSETCATALOG_COMPILER_GLOBAL_ACCENT_COLOR_NAME = AccentColor;
				CODE_SIGN_STYLE = Automatic;
				CURRENT_PROJECT_VERSION = 1;
				DEVELOPMENT_ASSET_PATHS = "\"CodeToShow/Preview Content\"";
				DEVELOPMENT_TEAM = 44G4QSF9PU;
				ENABLE_PREVIEWS = YES;
				ENABLE_USER_SCRIPT_SANDBOXING = NO;
				GENERATE_INFOPLIST_FILE = YES;
				INFOPLIST_KEY_CFBundleDisplayName = "Code Show";
				INFOPLIST_KEY_LSApplicationCategoryType = "public.app-category.lifestyle";
				INFOPLIST_KEY_UIApplicationSceneManifest_Generation = YES;
				INFOPLIST_KEY_UIApplicationSupportsIndirectInputEvents = YES;
				INFOPLIST_KEY_UILaunchScreen_Generation = YES;
				INFOPLIST_KEY_UISupportedInterfaceOrientations_iPad = "UIInterfaceOrientationPortrait UIInterfaceOrientationPortraitUpsideDown UIInterfaceOrientationLandscapeLeft UIInterfaceOrientationLandscapeRight";
				INFOPLIST_KEY_UISupportedInterfaceOrientations_iPhone = "UIInterfaceOrientationPortrait UIInterfaceOrientationLandscapeLeft UIInterfaceOrientationLandscapeRight";
				IPHONEOS_DEPLOYMENT_TARGET = 17.0;
				LD_RUNPATH_SEARCH_PATHS = (
					"$(inherited)",
					"@executable_path/Frameworks",
				);
				MARKETING_VERSION = 1.0;
				PRODUCT_BUNDLE_IDENTIFIER = cz.ladahavlik.CodeToShow;
				PRODUCT_NAME = "$(TARGET_NAME)";
				SUPPORTED_PLATFORMS = "iphoneos iphonesimulator";
				SUPPORTS_MACCATALYST = NO;
				SUPPORTS_MAC_DESIGNED_FOR_IPHONE_IPAD = NO;
				SUPPORTS_XR_DESIGNED_FOR_IPHONE_IPAD = NO;
				SWIFT_EMIT_LOC_STRINGS = YES;
				SWIFT_VERSION = 5.0;
				TARGETED_DEVICE_FAMILY = 1;
			};
			name = Debug;
		};
		07B2A8CA2A1CC15100B16A4F /* Release */ = {
			isa = XCBuildConfiguration;
			buildSettings = {
				ASSETCATALOG_COMPILER_APPICON_NAME = AppIcon;
				ASSETCATALOG_COMPILER_GLOBAL_ACCENT_COLOR_NAME = AccentColor;
				CODE_SIGN_STYLE = Automatic;
				CURRENT_PROJECT_VERSION = 1;
				DEVELOPMENT_ASSET_PATHS = "\"CodeToShow/Preview Content\"";
				DEVELOPMENT_TEAM = 44G4QSF9PU;
				ENABLE_PREVIEWS = YES;
				ENABLE_USER_SCRIPT_SANDBOXING = NO;
				GENERATE_INFOPLIST_FILE = YES;
				INFOPLIST_KEY_CFBundleDisplayName = "Code Show";
				INFOPLIST_KEY_LSApplicationCategoryType = "public.app-category.lifestyle";
				INFOPLIST_KEY_UIApplicationSceneManifest_Generation = YES;
				INFOPLIST_KEY_UIApplicationSupportsIndirectInputEvents = YES;
				INFOPLIST_KEY_UILaunchScreen_Generation = YES;
				INFOPLIST_KEY_UISupportedInterfaceOrientations_iPad = "UIInterfaceOrientationPortrait UIInterfaceOrientationPortraitUpsideDown UIInterfaceOrientationLandscapeLeft UIInterfaceOrientationLandscapeRight";
				INFOPLIST_KEY_UISupportedInterfaceOrientations_iPhone = "UIInterfaceOrientationPortrait UIInterfaceOrientationLandscapeLeft UIInterfaceOrientationLandscapeRight";
				IPHONEOS_DEPLOYMENT_TARGET = 17.0;
				LD_RUNPATH_SEARCH_PATHS = (
					"$(inherited)",
					"@executable_path/Frameworks",
				);
				MARKETING_VERSION = 1.0;
				PRODUCT_BUNDLE_IDENTIFIER = cz.ladahavlik.CodeToShow;
				PRODUCT_NAME = "$(TARGET_NAME)";
				SUPPORTED_PLATFORMS = "iphoneos iphonesimulator";
				SUPPORTS_MACCATALYST = NO;
				SUPPORTS_MAC_DESIGNED_FOR_IPHONE_IPAD = NO;
				SUPPORTS_XR_DESIGNED_FOR_IPHONE_IPAD = NO;
				SWIFT_EMIT_LOC_STRINGS = YES;
				SWIFT_VERSION = 5.0;
				TARGETED_DEVICE_FAMILY = 1;
			};
			name = Release;
		};
		07CACA532AE67C9E002B7887 /* Debug */ = {
			isa = XCBuildConfiguration;
			buildSettings = {
				ASSETCATALOG_COMPILER_APPICON_NAME = AppIcon;
				ASSETCATALOG_COMPILER_GLOBAL_ACCENT_COLOR_NAME = AccentColor;
				CODE_SIGN_STYLE = Automatic;
				CURRENT_PROJECT_VERSION = 1;
				DEVELOPMENT_ASSET_PATHS = "\"CodeToShowPad/Preview Content\"";
				DEVELOPMENT_TEAM = 44G4QSF9PU;
				ENABLE_PREVIEWS = YES;
				GCC_C_LANGUAGE_STANDARD = gnu17;
				GENERATE_INFOPLIST_FILE = YES;
				INFOPLIST_KEY_UIApplicationSceneManifest_Generation = YES;
				INFOPLIST_KEY_UIApplicationSupportsIndirectInputEvents = YES;
				INFOPLIST_KEY_UILaunchScreen_Generation = YES;
				INFOPLIST_KEY_UISupportedInterfaceOrientations_iPad = "UIInterfaceOrientationPortrait UIInterfaceOrientationPortraitUpsideDown UIInterfaceOrientationLandscapeLeft UIInterfaceOrientationLandscapeRight";
				INFOPLIST_KEY_UISupportedInterfaceOrientations_iPhone = "UIInterfaceOrientationPortrait UIInterfaceOrientationLandscapeLeft UIInterfaceOrientationLandscapeRight";
				LD_RUNPATH_SEARCH_PATHS = (
					"$(inherited)",
					"@executable_path/Frameworks",
				);
				LOCALIZATION_PREFERS_STRING_CATALOGS = YES;
				MARKETING_VERSION = 1.0;
				PRODUCT_BUNDLE_IDENTIFIER = eu.ladahavlik.CodeToShowPad;
				PRODUCT_NAME = "$(TARGET_NAME)";
				SUPPORTED_PLATFORMS = "iphoneos iphonesimulator";
				SUPPORTS_MACCATALYST = NO;
				SUPPORTS_MAC_DESIGNED_FOR_IPHONE_IPAD = NO;
				SUPPORTS_XR_DESIGNED_FOR_IPHONE_IPAD = NO;
				SWIFT_ACTIVE_COMPILATION_CONDITIONS = "DEBUG $(inherited)";
				SWIFT_EMIT_LOC_STRINGS = YES;
				SWIFT_VERSION = 5.0;
				TARGETED_DEVICE_FAMILY = 2;
			};
			name = Debug;
		};
		07CACA542AE67C9E002B7887 /* Release */ = {
			isa = XCBuildConfiguration;
			buildSettings = {
				ASSETCATALOG_COMPILER_APPICON_NAME = AppIcon;
				ASSETCATALOG_COMPILER_GLOBAL_ACCENT_COLOR_NAME = AccentColor;
				CODE_SIGN_STYLE = Automatic;
				CURRENT_PROJECT_VERSION = 1;
				DEVELOPMENT_ASSET_PATHS = "\"CodeToShowPad/Preview Content\"";
				DEVELOPMENT_TEAM = 44G4QSF9PU;
				ENABLE_PREVIEWS = YES;
				GCC_C_LANGUAGE_STANDARD = gnu17;
				GENERATE_INFOPLIST_FILE = YES;
				INFOPLIST_KEY_UIApplicationSceneManifest_Generation = YES;
				INFOPLIST_KEY_UIApplicationSupportsIndirectInputEvents = YES;
				INFOPLIST_KEY_UILaunchScreen_Generation = YES;
				INFOPLIST_KEY_UISupportedInterfaceOrientations_iPad = "UIInterfaceOrientationPortrait UIInterfaceOrientationPortraitUpsideDown UIInterfaceOrientationLandscapeLeft UIInterfaceOrientationLandscapeRight";
				INFOPLIST_KEY_UISupportedInterfaceOrientations_iPhone = "UIInterfaceOrientationPortrait UIInterfaceOrientationLandscapeLeft UIInterfaceOrientationLandscapeRight";
				LD_RUNPATH_SEARCH_PATHS = (
					"$(inherited)",
					"@executable_path/Frameworks",
				);
				LOCALIZATION_PREFERS_STRING_CATALOGS = YES;
				MARKETING_VERSION = 1.0;
				PRODUCT_BUNDLE_IDENTIFIER = eu.ladahavlik.CodeToShowPad;
				PRODUCT_NAME = "$(TARGET_NAME)";
				SUPPORTED_PLATFORMS = "iphoneos iphonesimulator";
				SUPPORTS_MACCATALYST = NO;
				SUPPORTS_MAC_DESIGNED_FOR_IPHONE_IPAD = NO;
				SUPPORTS_XR_DESIGNED_FOR_IPHONE_IPAD = NO;
				SWIFT_EMIT_LOC_STRINGS = YES;
				SWIFT_VERSION = 5.0;
				TARGETED_DEVICE_FAMILY = 2;
			};
			name = Release;
		};
/* End XCBuildConfiguration section */

/* Begin XCConfigurationList section */
		0759B43B2ADD4CBB00F85613 /* Build configuration list for PBXNativeTarget "CodeToShowXr" */ = {
			isa = XCConfigurationList;
			buildConfigurations = (
				0759B4392ADD4CBB00F85613 /* Debug */,
				0759B43A2ADD4CBB00F85613 /* Release */,
			);
			defaultConfigurationIsVisible = 0;
			defaultConfigurationName = Release;
		};
		0783F5BD2A20B04D001634C7 /* Build configuration list for PBXNativeTarget "CodeToShowUITests" */ = {
			isa = XCConfigurationList;
			buildConfigurations = (
				0783F5BB2A20B04D001634C7 /* Debug */,
				0783F5BC2A20B04D001634C7 /* Release */,
			);
			defaultConfigurationIsVisible = 0;
			defaultConfigurationName = Release;
		};
		07AF72A62A1F9DE50061A976 /* Build configuration list for PBXNativeTarget "CodeToShowTests" */ = {
			isa = XCConfigurationList;
			buildConfigurations = (
				07AF72A42A1F9DE50061A976 /* Debug */,
				07AF72A52A1F9DE50061A976 /* Release */,
			);
			defaultConfigurationIsVisible = 0;
			defaultConfigurationName = Release;
		};
		07B2A8B52A1CC15000B16A4F /* Build configuration list for PBXProject "CodeToShow" */ = {
			isa = XCConfigurationList;
			buildConfigurations = (
				07B2A8C62A1CC15100B16A4F /* Debug */,
				07B2A8C72A1CC15100B16A4F /* Release */,
			);
			defaultConfigurationIsVisible = 0;
			defaultConfigurationName = Release;
		};
		07B2A8C82A1CC15100B16A4F /* Build configuration list for PBXNativeTarget "CodeToShow" */ = {
			isa = XCConfigurationList;
			buildConfigurations = (
				07B2A8C92A1CC15100B16A4F /* Debug */,
				07B2A8CA2A1CC15100B16A4F /* Release */,
			);
			defaultConfigurationIsVisible = 0;
			defaultConfigurationName = Release;
		};
		07CACA522AE67C9E002B7887 /* Build configuration list for PBXNativeTarget "CodeToShowPad" */ = {
			isa = XCConfigurationList;
			buildConfigurations = (
				07CACA532AE67C9E002B7887 /* Debug */,
				07CACA542AE67C9E002B7887 /* Release */,
			);
			defaultConfigurationIsVisible = 0;
			defaultConfigurationName = Release;
		};
/* End XCConfigurationList section */
	};
	rootObject = 07B2A8B22A1CC15000B16A4F /* Project object */;
}
